// !$*UTF8*$!
{
	archiveVersion = 1;
	classes = {
	};
	objectVersion = 70;
	objects = {

/* Begin PBXBuildFile section */
		1F032BB92C612A3500E8C64B /* SkeletonBox.swift in Sources */ = {isa = PBXBuildFile; fileRef = 1F032BB82C612A3500E8C64B /* SkeletonBox.swift */; };
		1F032BBD2C612B5B00E8C64B /* SignUpViewModel.swift in Sources */ = {isa = PBXBuildFile; fileRef = 1F032BBC2C612B5B00E8C64B /* SignUpViewModel.swift */; };
		1F0D92F12C365B6D00BB6ADD /* huggApp.swift in Sources */ = {isa = PBXBuildFile; fileRef = 1F0D92F02C365B6D00BB6ADD /* huggApp.swift */; };
		1F0D92F32C365B6D00BB6ADD /* EntryPointScreen.swift in Sources */ = {isa = PBXBuildFile; fileRef = 1F0D92F22C365B6D00BB6ADD /* EntryPointScreen.swift */; };
		1F0D92F52C365B6E00BB6ADD /* Assets.xcassets in Resources */ = {isa = PBXBuildFile; fileRef = 1F0D92F42C365B6E00BB6ADD /* Assets.xcassets */; };
		1F0D92F82C365B6E00BB6ADD /* Preview Assets.xcassets in Resources */ = {isa = PBXBuildFile; fileRef = 1F0D92F72C365B6E00BB6ADD /* Preview Assets.xcassets */; };
		1F0D93082C367F5300BB6ADD /* OnboardingScreen.swift in Sources */ = {isa = PBXBuildFile; fileRef = 1F0D93072C367F5300BB6ADD /* OnboardingScreen.swift */; };
		1F0D930C2C36809500BB6ADD /* OnboardingAppBar.swift in Sources */ = {isa = PBXBuildFile; fileRef = 1F0D930B2C36809500BB6ADD /* OnboardingAppBar.swift */; };
		1F0DD9392CD7534700708811 /* RecordType.swift in Sources */ = {isa = PBXBuildFile; fileRef = 1F0DD9382CD7534700708811 /* RecordType.swift */; };
		1F1ED3822D5242A000A1894A /* http_guide.md in Resources */ = {isa = PBXBuildFile; fileRef = 1F1ED3812D52428E00A1894A /* http_guide.md */; };
		1F1ED3882D5247A100A1894A /* todo.md in Resources */ = {isa = PBXBuildFile; fileRef = 1F1ED3872D5247A100A1894A /* todo.md */; };
		1F24490A2D70671C0026D9B7 /* NotificationType.swift in Sources */ = {isa = PBXBuildFile; fileRef = 1F2449092D70671C0026D9B7 /* NotificationType.swift */; };
		1F24490C2D707E5A0026D9B7 /* NotificationModel.swift in Sources */ = {isa = PBXBuildFile; fileRef = 1F24490B2D707E4F0026D9B7 /* NotificationModel.swift */; };
		1F24490E2D707F100026D9B7 /* NotificationScreen.swift in Sources */ = {isa = PBXBuildFile; fileRef = 1F24490D2D707F100026D9B7 /* NotificationScreen.swift */; };
		1F2449102D714F9F0026D9B7 /* HGProgressView.swift in Sources */ = {isa = PBXBuildFile; fileRef = 1F24490F2D714F9F0026D9B7 /* HGProgressView.swift */; };
		1F2449132D7151940026D9B7 /* Lottie in Frameworks */ = {isa = PBXBuildFile; productRef = 1F2449122D7151940026D9B7 /* Lottie */; };
		1F2449152D71528D0026D9B7 /* HGErrorView.swift in Sources */ = {isa = PBXBuildFile; fileRef = 1F2449142D71528D0026D9B7 /* HGErrorView.swift */; };
		1F2449172D7158660026D9B7 /* HGHomeAppBar.swift in Sources */ = {isa = PBXBuildFile; fileRef = 1F2449162D7158660026D9B7 /* HGHomeAppBar.swift */; };
		1F2449192D71623B0026D9B7 /* AddLedgerScreen.swift in Sources */ = {isa = PBXBuildFile; fileRef = 1F2449182D71623B0026D9B7 /* AddLedgerScreen.swift */; };
		1F24491B2D7163140026D9B7 /* LedgerModel.swift in Sources */ = {isa = PBXBuildFile; fileRef = 1F24491A2D7163100026D9B7 /* LedgerModel.swift */; };
		1F24491D2D719BC80026D9B7 /* HomeScreenModel.swift in Sources */ = {isa = PBXBuildFile; fileRef = 1F24491C2D719BBD0026D9B7 /* HomeScreenModel.swift */; };
		1F24491F2D71C12B0026D9B7 /* SubsidyScreen.swift in Sources */ = {isa = PBXBuildFile; fileRef = 1F24491E2D71C12B0026D9B7 /* SubsidyScreen.swift */; };
		1F2449212D71C1B50026D9B7 /* SubsidyFormScreen.swift in Sources */ = {isa = PBXBuildFile; fileRef = 1F2449202D71C1B50026D9B7 /* SubsidyFormScreen.swift */; };
		1F2449232D74211D0026D9B7 /* HGTextField.swift in Sources */ = {isa = PBXBuildFile; fileRef = 1F2449222D74211D0026D9B7 /* HGTextField.swift */; };
		1F2449252D7452370026D9B7 /* HGGender.swift in Sources */ = {isa = PBXBuildFile; fileRef = 1F2449242D7452320026D9B7 /* HGGender.swift */; };
		1F2449272D75AD320026D9B7 /* ErrorPopup.swift in Sources */ = {isa = PBXBuildFile; fileRef = 1F2449262D75AD320026D9B7 /* ErrorPopup.swift */; };
		1F2449292D75B43D0026D9B7 /* LoginHTTPClient.swift in Sources */ = {isa = PBXBuildFile; fileRef = 1F2449282D75B4320026D9B7 /* LoginHTTPClient.swift */; };
		1F2B73CA2D5D81D800E07569 /* note.md in Resources */ = {isa = PBXBuildFile; fileRef = 1F2B73C92D5D81D100E07569 /* note.md */; };
		1F2B73CF2D5D853000E07569 /* service_layer.md in Resources */ = {isa = PBXBuildFile; fileRef = 1F2B73CE2D5D852D00E07569 /* service_layer.md */; };
		1F2B73D72D5DB5CF00E07569 /* MyPageSpouseScreen.swift in Sources */ = {isa = PBXBuildFile; fileRef = 1F2B73D62D5DB5CF00E07569 /* MyPageSpouseScreen.swift */; };
		1F31AFDE2C972BA100DBFB18 /* HGCounter.swift in Sources */ = {isa = PBXBuildFile; fileRef = 1F31AFDD2C972BA100DBFB18 /* HGCounter.swift */; };
		1F3CA1EF2D6476270086FDB2 /* MyPageQuestionScreen.swift in Sources */ = {isa = PBXBuildFile; fileRef = 1F3CA1EE2D6476270086FDB2 /* MyPageQuestionScreen.swift */; };
		1F3DC34F2CB5032200A72A52 /* SSNTextfieldStyle.swift in Sources */ = {isa = PBXBuildFile; fileRef = 1F3DC34E2CB5032200A72A52 /* SSNTextfieldStyle.swift */; };
		1F3DC3542CB50FAE00A72A52 /* MaxLengthModifier.swift in Sources */ = {isa = PBXBuildFile; fileRef = 1F3DC3532CB50FAE00A72A52 /* MaxLengthModifier.swift */; };
		1F3DC3562CB50FCE00A72A52 /* TextField+Extension.swift in Sources */ = {isa = PBXBuildFile; fileRef = 1F3DC3552CB50FCE00A72A52 /* TextField+Extension.swift */; };
		1F3F3CB42CE2E59D006D4EE7 /* TokenManager.swift in Sources */ = {isa = PBXBuildFile; fileRef = 1F3F3CB32CE2E598006D4EE7 /* TokenManager.swift */; };
		1F3F3CB72CE2EF7C006D4EE7 /* PopupView in Frameworks */ = {isa = PBXBuildFile; productRef = 1F3F3CB62CE2EF7C006D4EE7 /* PopupView */; };
		1F3F3CBA2CE2FDC3006D4EE7 /* Constants.swift in Sources */ = {isa = PBXBuildFile; fileRef = 1F3F3CB92CE2FDC1006D4EE7 /* Constants.swift */; };
		1F4CE85C2D1E540C005CB661 /* CheckboxToggleStyle.swift in Sources */ = {isa = PBXBuildFile; fileRef = 1F4CE85B2D1E5404005CB661 /* CheckboxToggleStyle.swift */; };
		1F4CE85E2D1E5B02005CB661 /* PermissionScreen.swift in Sources */ = {isa = PBXBuildFile; fileRef = 1F4CE85D2D1E5B02005CB661 /* PermissionScreen.swift */; };
		1F603C6F2CBD06E100E5BF5D /* MyPageScreen.swift in Sources */ = {isa = PBXBuildFile; fileRef = 1F603C6E2CBD06E100E5BF5D /* MyPageScreen.swift */; };
		1F60E3352CBFAA2300543A22 /* MyPageBaseView.swift in Sources */ = {isa = PBXBuildFile; fileRef = 1F60E3342CBFAA2300543A22 /* MyPageBaseView.swift */; };
		1F636C4A2D3A59950026ABE4 /* ApiResponse.swift in Sources */ = {isa = PBXBuildFile; fileRef = 1F636C492D3A59950026ABE4 /* ApiResponse.swift */; };
		1F636C4C2D3D3F670026ABE4 /* SignUpModel.swift in Sources */ = {isa = PBXBuildFile; fileRef = 1F636C4B2D3D3F670026ABE4 /* SignUpModel.swift */; };
		1F636C582D3DEA2C0026ABE4 /* SignUpFooter.swift in Sources */ = {isa = PBXBuildFile; fileRef = 1F636C572D3DEA2C0026ABE4 /* SignUpFooter.swift */; };
		1F656AF22CA979DE0035F81E /* TreatmentSelectView.swift in Sources */ = {isa = PBXBuildFile; fileRef = 1F656AF12CA979DE0035F81E /* TreatmentSelectView.swift */; };
		1F692CE12CB4FEA400BAEEBE /* EnterSSNView.swift in Sources */ = {isa = PBXBuildFile; fileRef = 1F692CE02CB4FEA400BAEEBE /* EnterSSNView.swift */; };
		1F86E4A32D5DBED80042B256 /* MyPageModel.swift in Sources */ = {isa = PBXBuildFile; fileRef = 1F86E4A22D5DBED50042B256 /* MyPageModel.swift */; };
		1F86E4A52D5DC09E0042B256 /* MyPageEntity.swift in Sources */ = {isa = PBXBuildFile; fileRef = 1F86E4A42D5DC0970042B256 /* MyPageEntity.swift */; };
		1F86E4AE2D5DDC9E0042B256 /* ViewStatus.swift in Sources */ = {isa = PBXBuildFile; fileRef = 1F86E4AD2D5DDC9B0042B256 /* ViewStatus.swift */; };
		1F89149C2D75EC0800AC6A5B /* DailyHugListDetailScreen.swift in Sources */ = {isa = PBXBuildFile; fileRef = 1F89149B2D75EC0800AC6A5B /* DailyHugListDetailScreen.swift */; };
		1F89149E2D75FCB000AC6A5B /* dev.swift in Sources */ = {isa = PBXBuildFile; fileRef = 1F89149D2D75FCAE00AC6A5B /* dev.swift */; };
		1F89292E2CE0D86100DDF698 /* KakaoSDKAuth in Frameworks */ = {isa = PBXBuildFile; productRef = 1F89292D2CE0D86100DDF698 /* KakaoSDKAuth */; };
		1F8929302CE0D86100DDF698 /* KakaoSDKCommon in Frameworks */ = {isa = PBXBuildFile; productRef = 1F89292F2CE0D86100DDF698 /* KakaoSDKCommon */; };
		1F8929322CE0D86100DDF698 /* KakaoSDKUser in Frameworks */ = {isa = PBXBuildFile; productRef = 1F8929312CE0D86100DDF698 /* KakaoSDKUser */; };
		1F8929342CE0FF2600DDF698 /* MyPageListCell.swift in Sources */ = {isa = PBXBuildFile; fileRef = 1F8929332CE0FF2600DDF698 /* MyPageListCell.swift */; };
		1F8929362CE10DCA00DDF698 /* ManageAccountScreen.swift in Sources */ = {isa = PBXBuildFile; fileRef = 1F8929352CE10DCA00DDF698 /* ManageAccountScreen.swift */; };
		1F8B64C12CB3A9E400F61118 /* CountSelectView.swift in Sources */ = {isa = PBXBuildFile; fileRef = 1F8B64C02CB3A9E400F61118 /* CountSelectView.swift */; };
		1F8B64C52CB3AA7200F61118 /* SignUpTitleText.swift in Sources */ = {isa = PBXBuildFile; fileRef = 1F8B64C42CB3AA7200F61118 /* SignUpTitleText.swift */; };
		1F8D591A2C3B956500832F61 /* MainScreen.swift in Sources */ = {isa = PBXBuildFile; fileRef = 1F8D59192C3B956500832F61 /* MainScreen.swift */; };
		1F8D591C2C3B96CE00832F61 /* SplashScreen.swift in Sources */ = {isa = PBXBuildFile; fileRef = 1F8D591B2C3B96CE00832F61 /* SplashScreen.swift */; };
		1F8D59282C3B9D0200832F61 /* Pretendard-SemiBold.otf in Resources */ = {isa = PBXBuildFile; fileRef = 1F8D591F2C3B9D0100832F61 /* Pretendard-SemiBold.otf */; };
		1F8D59292C3B9D0200832F61 /* Pretendard-ExtraBold.otf in Resources */ = {isa = PBXBuildFile; fileRef = 1F8D59202C3B9D0100832F61 /* Pretendard-ExtraBold.otf */; };
		1F8D592A2C3B9D0200832F61 /* Pretendard-Thin.otf in Resources */ = {isa = PBXBuildFile; fileRef = 1F8D59212C3B9D0100832F61 /* Pretendard-Thin.otf */; };
		1F8D592B2C3B9D0200832F61 /* Pretendard-Light.otf in Resources */ = {isa = PBXBuildFile; fileRef = 1F8D59222C3B9D0100832F61 /* Pretendard-Light.otf */; };
		1F8D592C2C3B9D0200832F61 /* Pretendard-Bold.otf in Resources */ = {isa = PBXBuildFile; fileRef = 1F8D59232C3B9D0100832F61 /* Pretendard-Bold.otf */; };
		1F8D592D2C3B9D0200832F61 /* Pretendard-Medium.otf in Resources */ = {isa = PBXBuildFile; fileRef = 1F8D59242C3B9D0100832F61 /* Pretendard-Medium.otf */; };
		1F8D592E2C3B9D0200832F61 /* Pretendard-ExtraLight.otf in Resources */ = {isa = PBXBuildFile; fileRef = 1F8D59252C3B9D0200832F61 /* Pretendard-ExtraLight.otf */; };
		1F8D592F2C3B9D0200832F61 /* Pretendard-Regular.otf in Resources */ = {isa = PBXBuildFile; fileRef = 1F8D59262C3B9D0200832F61 /* Pretendard-Regular.otf */; };
		1F8D59302C3B9D0200832F61 /* Pretendard-Black.otf in Resources */ = {isa = PBXBuildFile; fileRef = 1F8D59272C3B9D0200832F61 /* Pretendard-Black.otf */; };
		1F8D59352C3B9D7700832F61 /* GmarketSansLight.otf in Resources */ = {isa = PBXBuildFile; fileRef = 1F8D59322C3B9D7700832F61 /* GmarketSansLight.otf */; };
		1F8D59362C3B9D7700832F61 /* GmarketSansMedium.otf in Resources */ = {isa = PBXBuildFile; fileRef = 1F8D59332C3B9D7700832F61 /* GmarketSansMedium.otf */; };
		1F8D59372C3B9D7700832F61 /* GmarketSansBold.otf in Resources */ = {isa = PBXBuildFile; fileRef = 1F8D59342C3B9D7700832F61 /* GmarketSansBold.otf */; };
		1F8D593B2C3B9FDA00832F61 /* CustomFonts.swift in Sources */ = {isa = PBXBuildFile; fileRef = 1F8D593A2C3B9FDA00832F61 /* CustomFonts.swift */; };
		1F9451E12D75CAC6007797D9 /* DailyHugListScreen.swift in Sources */ = {isa = PBXBuildFile; fileRef = 1F9451E02D75CAC1007797D9 /* DailyHugListScreen.swift */; };
		1F94774F2CE9E5AF00D947E1 /* SelectablePopup.swift in Sources */ = {isa = PBXBuildFile; fileRef = 1F94774E2CE9E5AF00D947E1 /* SelectablePopup.swift */; };
		1F9477512CE9E60F00D947E1 /* AlertPopup.swift in Sources */ = {isa = PBXBuildFile; fileRef = 1F9477502CE9E60F00D947E1 /* AlertPopup.swift */; };
		1F9477532CE9EA1D00D947E1 /* LedgerScreen.swift in Sources */ = {isa = PBXBuildFile; fileRef = 1F9477522CE9EA1D00D947E1 /* LedgerScreen.swift */; };
		1F99A7E62CC4DB4B00779628 /* HomeScreen.swift in Sources */ = {isa = PBXBuildFile; fileRef = 1F99A7E52CC4DB4B00779628 /* HomeScreen.swift */; };
		1FA281D22D37ADFA007BD828 /* LedgerAllPage.swift in Sources */ = {isa = PBXBuildFile; fileRef = 1FA281D12D37ADFA007BD828 /* LedgerAllPage.swift */; };
		1FA3EB832D36207E008C68DB /* HGEmptyScheduleItem.swift in Sources */ = {isa = PBXBuildFile; fileRef = 1FA3EB822D36207E008C68DB /* HGEmptyScheduleItem.swift */; };
		1FA645F02CB3EA3F00419660 /* AnyTransition+Extension.swift in Sources */ = {isa = PBXBuildFile; fileRef = 1FA645EF2CB3EA3F00419660 /* AnyTransition+Extension.swift */; };
		1FA883F52CD9F5400022244D /* HTTPClient.swift in Sources */ = {isa = PBXBuildFile; fileRef = 1FA883F42CD9F5400022244D /* HTTPClient.swift */; };
		1FA883F82CD9F5600022244D /* AppState.swift in Sources */ = {isa = PBXBuildFile; fileRef = 1FA883F72CD9F5600022244D /* AppState.swift */; };
		1FA883FB2CD9F6930022244D /* PreviewContainer.swift in Sources */ = {isa = PBXBuildFile; fileRef = 1FA883FA2CD9F6930022244D /* PreviewContainer.swift */; };
		1FAE4ABB2CE1126E005C946B /* UINavigationController+Extensions.swift in Sources */ = {isa = PBXBuildFile; fileRef = 1FAE4ABA2CE11264005C946B /* UINavigationController+Extensions.swift */; };
		1FB8AE942CAD60A0003BDC9C /* NoTapAnimationStyle.swift in Sources */ = {isa = PBXBuildFile; fileRef = 1FB8AE932CAD60A0003BDC9C /* NoTapAnimationStyle.swift */; };
		1FBB67522D68ABEB002C60A2 /* MedicalResponseDTO.swift in Sources */ = {isa = PBXBuildFile; fileRef = 1FBB67392D68ABEB002C60A2 /* MedicalResponseDTO.swift */; };
		1FBB67532D68ABEB002C60A2 /* NotificationDTO.swift in Sources */ = {isa = PBXBuildFile; fileRef = 1FBB67402D68ABEB002C60A2 /* NotificationDTO.swift */; };
		1FBB67562D68ABEB002C60A2 /* MyChallengeTotalDTO.swift in Sources */ = {isa = PBXBuildFile; fileRef = 1FBB673B2D68ABEB002C60A2 /* MyChallengeTotalDTO.swift */; };
		1FBB675C2D68ABEB002C60A2 /* NotificationResponseDTO.swift in Sources */ = {isa = PBXBuildFile; fileRef = 1FBB67412D68ABEB002C60A2 /* NotificationResponseDTO.swift */; };
		1FBB675D2D68ABEB002C60A2 /* RepeatTime.swift in Sources */ = {isa = PBXBuildFile; fileRef = 1FBB67442D68ABEB002C60A2 /* RepeatTime.swift */; };
		1FBB675F2D68ABEB002C60A2 /* ChallengeDTO.swift in Sources */ = {isa = PBXBuildFile; fileRef = 1FBB67202D68ABEB002C60A2 /* ChallengeDTO.swift */; };
		1FBB67612D68ABEB002C60A2 /* SideEffectRequestDTO.swift in Sources */ = {isa = PBXBuildFile; fileRef = 1FBB67472D68ABEB002C60A2 /* SideEffectRequestDTO.swift */; };
		1FBB67622D68ABEB002C60A2 /* DailyByCountResponseDTO.swift in Sources */ = {isa = PBXBuildFile; fileRef = 1FBB67282D68ABEB002C60A2 /* DailyByCountResponseDTO.swift */; };
		1FBB67632D68ABEB002C60A2 /* ExpenditureRequestDTO.swift in Sources */ = {isa = PBXBuildFile; fileRef = 1FBB672E2D68ABEB002C60A2 /* ExpenditureRequestDTO.swift */; };
		1FBB67642D68ABEB002C60A2 /* ChallengeCompleteRequestDTO.swift in Sources */ = {isa = PBXBuildFile; fileRef = 1FBB671E2D68ABEB002C60A2 /* ChallengeCompleteRequestDTO.swift */; };
		1FBB67662D68ABEB002C60A2 /* RecordRequestDTO.swift in Sources */ = {isa = PBXBuildFile; fileRef = 1FBB67422D68ABEB002C60A2 /* RecordRequestDTO.swift */; };
		1FBB67672D68ABEB002C60A2 /* ChallengeNameRequestDTO.swift in Sources */ = {isa = PBXBuildFile; fileRef = 1FBB67212D68ABEB002C60A2 /* ChallengeNameRequestDTO.swift */; };
		1FBB67682D68ABEB002C60A2 /* DailyWriteBody.swift in Sources */ = {isa = PBXBuildFile; fileRef = 1FBB672D2D68ABEB002C60A2 /* DailyWriteBody.swift */; };
		1FBB676A2D68ABEB002C60A2 /* FcmRenewalRequest.swift in Sources */ = {isa = PBXBuildFile; fileRef = 1FBB672F2D68ABEB002C60A2 /* FcmRenewalRequest.swift */; };
		1FBB676B2D68ABEB002C60A2 /* ScheduleResponseDTO.swift in Sources */ = {isa = PBXBuildFile; fileRef = 1FBB67462D68ABEB002C60A2 /* ScheduleResponseDTO.swift */; };
		1FBB676E2D68ABEB002C60A2 /* RepeatTimeResponseDTO.swift in Sources */ = {isa = PBXBuildFile; fileRef = 1FBB67452D68ABEB002C60A2 /* RepeatTimeResponseDTO.swift */; };
		1FBB676F2D68ABEB002C60A2 /* DailyAllResponseDTO.swift in Sources */ = {isa = PBXBuildFile; fileRef = 1FBB67272D68ABEB002C60A2 /* DailyAllResponseDTO.swift */; };
		1FBB67702D68ABEB002C60A2 /* SubsidyAvailable.swift in Sources */ = {isa = PBXBuildFile; fileRef = 1FBB67492D68ABEB002C60A2 /* SubsidyAvailable.swift */; };
		1FBB67722D68ABEB002C60A2 /* DailyResponseDTO.swift in Sources */ = {isa = PBXBuildFile; fileRef = 1FBB672C2D68ABEB002C60A2 /* DailyResponseDTO.swift */; };
		1FBB67732D68ABEB002C60A2 /* DailyRequestDTO.swift in Sources */ = {isa = PBXBuildFile; fileRef = 1FBB672B2D68ABEB002C60A2 /* DailyRequestDTO.swift */; };
		1FBB67742D68ABEB002C60A2 /* DailyIdBody.swift in Sources */ = {isa = PBXBuildFile; fileRef = 1FBB67292D68ABEB002C60A2 /* DailyIdBody.swift */; };
		1FBB67782D68ABEB002C60A2 /* LedgerMemoRequestDTO.swift in Sources */ = {isa = PBXBuildFile; fileRef = 1FBB67332D68ABEB002C60A2 /* LedgerMemoRequestDTO.swift */; };
		1FBB67792D68ABEB002C60A2 /* LedgerRequestDTO.swift in Sources */ = {isa = PBXBuildFile; fileRef = 1FBB67342D68ABEB002C60A2 /* LedgerRequestDTO.swift */; };
		1FBB677C2D68ABEB002C60A2 /* SubsidyResponseDTO.swift in Sources */ = {isa = PBXBuildFile; fileRef = 1FBB674C2D68ABEB002C60A2 /* SubsidyResponseDTO.swift */; };
		1FBB677E2D68ABEB002C60A2 /* RecordResponseDTO.swift in Sources */ = {isa = PBXBuildFile; fileRef = 1FBB67432D68ABEB002C60A2 /* RecordResponseDTO.swift */; };
		1FBB677F2D68ABEB002C60A2 /* HomeRecordResponseDTO.swift in Sources */ = {isa = PBXBuildFile; fileRef = 1FBB67302D68ABEB002C60A2 /* HomeRecordResponseDTO.swift */; };
		1FBB67812D68ABEB002C60A2 /* LedgerResponseDTO.swift in Sources */ = {isa = PBXBuildFile; fileRef = 1FBB67352D68ABEB002C60A2 /* LedgerResponseDTO.swift */; };
		1FBB67832D68ABEB002C60A2 /* MedicalRecordResponseDTO.swift in Sources */ = {isa = PBXBuildFile; fileRef = 1FBB67382D68ABEB002C60A2 /* MedicalRecordResponseDTO.swift */; };
		1FBB67842D68ABEB002C60A2 /* ChallengeCreateRequestDTO.swift in Sources */ = {isa = PBXBuildFile; fileRef = 1FBB671F2D68ABEB002C60A2 /* ChallengeCreateRequestDTO.swift */; };
		1FBB67852D68ABEB002C60A2 /* SubsidyDetailResponseDTO.swift in Sources */ = {isa = PBXBuildFile; fileRef = 1FBB674A2D68ABEB002C60A2 /* SubsidyDetailResponseDTO.swift */; };
		1FBB67862D68ABEB002C60A2 /* SubsidyRequestDTO.swift in Sources */ = {isa = PBXBuildFile; fileRef = 1FBB674B2D68ABEB002C60A2 /* SubsidyRequestDTO.swift */; };
		1FBB67872D68ABEB002C60A2 /* CheckInSameRecordResponseDTO.swift in Sources */ = {isa = PBXBuildFile; fileRef = 1FBB67252D68ABEB002C60A2 /* CheckInSameRecordResponseDTO.swift */; };
		1FBB67882D68ABEB002C60A2 /* MyChallengeDTO.swift in Sources */ = {isa = PBXBuildFile; fileRef = 1FBB673A2D68ABEB002C60A2 /* MyChallengeDTO.swift */; };
		1FBB678B2D68ABEB002C60A2 /* ChallengeParticipantDTO.swift in Sources */ = {isa = PBXBuildFile; fileRef = 1FBB67222D68ABEB002C60A2 /* ChallengeParticipantDTO.swift */; };
		1FBB678C2D68ABEB002C60A2 /* ChallengeResponseDTO.swift in Sources */ = {isa = PBXBuildFile; fileRef = 1FBB67242D68ABEB002C60A2 /* ChallengeResponseDTO.swift */; };
		1FBB678D2D68ABEB002C60A2 /* SideEffectResponseDTO.swift in Sources */ = {isa = PBXBuildFile; fileRef = 1FBB67482D68ABEB002C60A2 /* SideEffectResponseDTO.swift */; };
		1FBB678E2D68ABEB002C60A2 /* LedgerDetailResponseDTO.swift in Sources */ = {isa = PBXBuildFile; fileRef = 1FBB67322D68ABEB002C60A2 /* LedgerDetailResponseDTO.swift */; };
		1FBB67902D68ABEB002C60A2 /* CheckResponseDTO.swift in Sources */ = {isa = PBXBuildFile; fileRef = 1FBB67262D68ABEB002C60A2 /* CheckResponseDTO.swift */; };
		1FBB67952D68ABEB002C60A2 /* ChallengeParticipantsDTO.swift in Sources */ = {isa = PBXBuildFile; fileRef = 1FBB67232D68ABEB002C60A2 /* ChallengeParticipantsDTO.swift */; };
		1FBB67962D68ABEB002C60A2 /* HomeResponseDTO.swift in Sources */ = {isa = PBXBuildFile; fileRef = 1FBB67312D68ABEB002C60A2 /* HomeResponseDTO.swift */; };
		1FBB67972D68ABEB002C60A2 /* LogoutWithdrawalResponseDTO.swift in Sources */ = {isa = PBXBuildFile; fileRef = 1FBB67362D68ABEB002C60A2 /* LogoutWithdrawalResponseDTO.swift */; };
		1FBB679A2D68ABEB002C60A2 /* MedicalRecordRequestDTO.swift in Sources */ = {isa = PBXBuildFile; fileRef = 1FBB67372D68ABEB002C60A2 /* MedicalRecordRequestDTO.swift */; };
		1FBB679E2D68ABEB002C60A2 /* DailyReplyRequestDTO.swift in Sources */ = {isa = PBXBuildFile; fileRef = 1FBB672A2D68ABEB002C60A2 /* DailyReplyRequestDTO.swift */; };
		1FC4328B2C49732E00FE5834 /* OnboardingState.swift in Sources */ = {isa = PBXBuildFile; fileRef = 1FC4328A2C49732E00FE5834 /* OnboardingState.swift */; };
		1FCABC532D3E4172005B5285 /* SpouseCodeModel.swift in Sources */ = {isa = PBXBuildFile; fileRef = 1FCABC522D3E4172005B5285 /* SpouseCodeModel.swift */; };
		1FCD8F432CB52C6A00956BA0 /* SSNModel.swift in Sources */ = {isa = PBXBuildFile; fileRef = 1FCD8F422CB52C6A00956BA0 /* SSNModel.swift */; };
		1FCEFF072D66B3E60063DA31 /* HGBlackToast.swift in Sources */ = {isa = PBXBuildFile; fileRef = 1FCEFF062D66B3E60063DA31 /* HGBlackToast.swift */; };
		1FCEFF092D66C4BC0063DA31 /* MyMedicineScreen.swift in Sources */ = {isa = PBXBuildFile; fileRef = 1FCEFF082D66C4BC0063DA31 /* MyMedicineScreen.swift */; };
		1FD0D22A2CB4308B00F96E87 /* DailyHugScreen.swift in Sources */ = {isa = PBXBuildFile; fileRef = 1FD0D2292CB4308B00F96E87 /* DailyHugScreen.swift */; };
		1FD0D2302CB433A200F96E87 /* SurgeryType.swift in Sources */ = {isa = PBXBuildFile; fileRef = 1FD0D22F2CB433A200F96E87 /* SurgeryType.swift */; };
		1FD0D2322CB437B600F96E87 /* CustomDateFormatter.swift in Sources */ = {isa = PBXBuildFile; fileRef = 1FD0D2312CB437B600F96E87 /* CustomDateFormatter.swift */; };
		1FD5D8782D1E41A9001D9C5B /* AgreementView.swift in Sources */ = {isa = PBXBuildFile; fileRef = 1FD5D8772D1E41A9001D9C5B /* AgreementView.swift */; };
		1FD826102C3A7697003C295A /* OnboardingContent.swift in Sources */ = {isa = PBXBuildFile; fileRef = 1FD8260F2C3A7697003C295A /* OnboardingContent.swift */; };
		1FE68CF22C5B522200CD43E4 /* SignUpScreen.swift in Sources */ = {isa = PBXBuildFile; fileRef = 1FE68CF12C5B522200CD43E4 /* SignUpScreen.swift */; };
		1FE68CF42C5B528700CD43E4 /* HGAppBar.swift in Sources */ = {isa = PBXBuildFile; fileRef = 1FE68CF32C5B528700CD43E4 /* HGAppBar.swift */; };
		1FF199C42D36612A00FF3C17 /* HGTag.swift in Sources */ = {isa = PBXBuildFile; fileRef = 1FF199C32D36612A00FF3C17 /* HGTag.swift */; };
		1FF199C62D3661E600FF3C17 /* HGHomeScheduleItem.swift in Sources */ = {isa = PBXBuildFile; fileRef = 1FF199C52D3661E600FF3C17 /* HGHomeScheduleItem.swift */; };
		1FF199C82D36634200FF3C17 /* ComponentPreviewContainer.swift in Sources */ = {isa = PBXBuildFile; fileRef = 1FF199C72D36634200FF3C17 /* ComponentPreviewContainer.swift */; };
		1FF199DA2D36675D00FF3C17 /* HGCheckBox.swift in Sources */ = {isa = PBXBuildFile; fileRef = 1FF199D92D36675D00FF3C17 /* HGCheckBox.swift */; };
		1FF199DE2D37AA7000FF3C17 /* HGTagWithoutText.swift in Sources */ = {isa = PBXBuildFile; fileRef = 1FF199DD2D37AA7000FF3C17 /* HGTagWithoutText.swift */; };
		1FF22A792C3AD7C200367518 /* OnboardingVO.swift in Sources */ = {isa = PBXBuildFile; fileRef = 1FF22A782C3AD7C200367518 /* OnboardingVO.swift */; };
		1FFD020A2CB402B600020AF4 /* SelectStartDateView.swift in Sources */ = {isa = PBXBuildFile; fileRef = 1FFD02092CB402B600020AF4 /* SelectStartDateView.swift */; };
		1FFD020C2CB40ABB00020AF4 /* WifeShareCodeView.swift in Sources */ = {isa = PBXBuildFile; fileRef = 1FFD020B2CB40ABB00020AF4 /* WifeShareCodeView.swift */; };
		1FFD020F2CB41AA900020AF4 /* CalendarScreen.swift in Sources */ = {isa = PBXBuildFile; fileRef = 1FFD020E2CB41AA900020AF4 /* CalendarScreen.swift */; };
/* End PBXBuildFile section */

/* Begin PBXFileReference section */
		1F032BB82C612A3500E8C64B /* SkeletonBox.swift */ = {isa = PBXFileReference; lastKnownFileType = sourcecode.swift; path = SkeletonBox.swift; sourceTree = "<group>"; };
		1F032BBC2C612B5B00E8C64B /* SignUpViewModel.swift */ = {isa = PBXFileReference; lastKnownFileType = sourcecode.swift; path = SignUpViewModel.swift; sourceTree = "<group>"; };
		1F0D92ED2C365B6D00BB6ADD /* hugg.app */ = {isa = PBXFileReference; explicitFileType = wrapper.application; includeInIndex = 0; path = hugg.app; sourceTree = BUILT_PRODUCTS_DIR; };
		1F0D92F02C365B6D00BB6ADD /* huggApp.swift */ = {isa = PBXFileReference; lastKnownFileType = sourcecode.swift; path = huggApp.swift; sourceTree = "<group>"; };
		1F0D92F22C365B6D00BB6ADD /* EntryPointScreen.swift */ = {isa = PBXFileReference; lastKnownFileType = sourcecode.swift; path = EntryPointScreen.swift; sourceTree = "<group>"; };
		1F0D92F42C365B6E00BB6ADD /* Assets.xcassets */ = {isa = PBXFileReference; lastKnownFileType = folder.assetcatalog; path = Assets.xcassets; sourceTree = "<group>"; };
		1F0D92F72C365B6E00BB6ADD /* Preview Assets.xcassets */ = {isa = PBXFileReference; lastKnownFileType = folder.assetcatalog; path = "Preview Assets.xcassets"; sourceTree = "<group>"; };
		1F0D93072C367F5300BB6ADD /* OnboardingScreen.swift */ = {isa = PBXFileReference; lastKnownFileType = sourcecode.swift; path = OnboardingScreen.swift; sourceTree = "<group>"; };
		1F0D930B2C36809500BB6ADD /* OnboardingAppBar.swift */ = {isa = PBXFileReference; lastKnownFileType = sourcecode.swift; path = OnboardingAppBar.swift; sourceTree = "<group>"; };
		1F0DD9382CD7534700708811 /* RecordType.swift */ = {isa = PBXFileReference; lastKnownFileType = sourcecode.swift; path = RecordType.swift; sourceTree = "<group>"; };
		1F1ED3812D52428E00A1894A /* http_guide.md */ = {isa = PBXFileReference; lastKnownFileType = net.daringfireball.markdown; path = http_guide.md; sourceTree = "<group>"; };
		1F1ED3872D5247A100A1894A /* todo.md */ = {isa = PBXFileReference; lastKnownFileType = net.daringfireball.markdown; path = todo.md; sourceTree = "<group>"; };
		1F2449092D70671C0026D9B7 /* NotificationType.swift */ = {isa = PBXFileReference; lastKnownFileType = sourcecode.swift; path = NotificationType.swift; sourceTree = "<group>"; };
		1F24490B2D707E4F0026D9B7 /* NotificationModel.swift */ = {isa = PBXFileReference; lastKnownFileType = sourcecode.swift; path = NotificationModel.swift; sourceTree = "<group>"; };
		1F24490D2D707F100026D9B7 /* NotificationScreen.swift */ = {isa = PBXFileReference; lastKnownFileType = sourcecode.swift; path = NotificationScreen.swift; sourceTree = "<group>"; };
		1F24490F2D714F9F0026D9B7 /* HGProgressView.swift */ = {isa = PBXFileReference; lastKnownFileType = sourcecode.swift; path = HGProgressView.swift; sourceTree = "<group>"; };
		1F2449142D71528D0026D9B7 /* HGErrorView.swift */ = {isa = PBXFileReference; lastKnownFileType = sourcecode.swift; path = HGErrorView.swift; sourceTree = "<group>"; };
		1F2449162D7158660026D9B7 /* HGHomeAppBar.swift */ = {isa = PBXFileReference; lastKnownFileType = sourcecode.swift; path = HGHomeAppBar.swift; sourceTree = "<group>"; };
		1F2449182D71623B0026D9B7 /* AddLedgerScreen.swift */ = {isa = PBXFileReference; lastKnownFileType = sourcecode.swift; path = AddLedgerScreen.swift; sourceTree = "<group>"; };
		1F24491A2D7163100026D9B7 /* LedgerModel.swift */ = {isa = PBXFileReference; lastKnownFileType = sourcecode.swift; path = LedgerModel.swift; sourceTree = "<group>"; };
		1F24491C2D719BBD0026D9B7 /* HomeScreenModel.swift */ = {isa = PBXFileReference; lastKnownFileType = sourcecode.swift; path = HomeScreenModel.swift; sourceTree = "<group>"; };
		1F24491E2D71C12B0026D9B7 /* SubsidyScreen.swift */ = {isa = PBXFileReference; lastKnownFileType = sourcecode.swift; path = SubsidyScreen.swift; sourceTree = "<group>"; };
		1F2449202D71C1B50026D9B7 /* SubsidyFormScreen.swift */ = {isa = PBXFileReference; lastKnownFileType = sourcecode.swift; path = SubsidyFormScreen.swift; sourceTree = "<group>"; };
		1F2449222D74211D0026D9B7 /* HGTextField.swift */ = {isa = PBXFileReference; lastKnownFileType = sourcecode.swift; path = HGTextField.swift; sourceTree = "<group>"; };
		1F2449242D7452320026D9B7 /* HGGender.swift */ = {isa = PBXFileReference; lastKnownFileType = sourcecode.swift; path = HGGender.swift; sourceTree = "<group>"; };
		1F2449262D75AD320026D9B7 /* ErrorPopup.swift */ = {isa = PBXFileReference; lastKnownFileType = sourcecode.swift; path = ErrorPopup.swift; sourceTree = "<group>"; };
		1F2449282D75B4320026D9B7 /* LoginHTTPClient.swift */ = {isa = PBXFileReference; lastKnownFileType = sourcecode.swift; path = LoginHTTPClient.swift; sourceTree = "<group>"; };
		1F2B73C92D5D81D100E07569 /* note.md */ = {isa = PBXFileReference; lastKnownFileType = net.daringfireball.markdown; path = note.md; sourceTree = "<group>"; };
		1F2B73CE2D5D852D00E07569 /* service_layer.md */ = {isa = PBXFileReference; lastKnownFileType = net.daringfireball.markdown; path = service_layer.md; sourceTree = "<group>"; };
		1F2B73D62D5DB5CF00E07569 /* MyPageSpouseScreen.swift */ = {isa = PBXFileReference; lastKnownFileType = sourcecode.swift; path = MyPageSpouseScreen.swift; sourceTree = "<group>"; };
		1F31AFDD2C972BA100DBFB18 /* HGCounter.swift */ = {isa = PBXFileReference; lastKnownFileType = sourcecode.swift; path = HGCounter.swift; sourceTree = "<group>"; };
		1F3CA1EE2D6476270086FDB2 /* MyPageQuestionScreen.swift */ = {isa = PBXFileReference; lastKnownFileType = sourcecode.swift; path = MyPageQuestionScreen.swift; sourceTree = "<group>"; };
		1F3DC34E2CB5032200A72A52 /* SSNTextfieldStyle.swift */ = {isa = PBXFileReference; lastKnownFileType = sourcecode.swift; path = SSNTextfieldStyle.swift; sourceTree = "<group>"; };
		1F3DC3532CB50FAE00A72A52 /* MaxLengthModifier.swift */ = {isa = PBXFileReference; lastKnownFileType = sourcecode.swift; path = MaxLengthModifier.swift; sourceTree = "<group>"; };
		1F3DC3552CB50FCE00A72A52 /* TextField+Extension.swift */ = {isa = PBXFileReference; lastKnownFileType = sourcecode.swift; path = "TextField+Extension.swift"; sourceTree = "<group>"; };
		1F3F3CB32CE2E598006D4EE7 /* TokenManager.swift */ = {isa = PBXFileReference; lastKnownFileType = sourcecode.swift; path = TokenManager.swift; sourceTree = "<group>"; };
		1F3F3CB92CE2FDC1006D4EE7 /* Constants.swift */ = {isa = PBXFileReference; lastKnownFileType = sourcecode.swift; path = Constants.swift; sourceTree = "<group>"; };
		1F4CE85B2D1E5404005CB661 /* CheckboxToggleStyle.swift */ = {isa = PBXFileReference; lastKnownFileType = sourcecode.swift; path = CheckboxToggleStyle.swift; sourceTree = "<group>"; };
		1F4CE85D2D1E5B02005CB661 /* PermissionScreen.swift */ = {isa = PBXFileReference; lastKnownFileType = sourcecode.swift; path = PermissionScreen.swift; sourceTree = "<group>"; };
		1F603C6E2CBD06E100E5BF5D /* MyPageScreen.swift */ = {isa = PBXFileReference; lastKnownFileType = sourcecode.swift; path = MyPageScreen.swift; sourceTree = "<group>"; };
		1F60E3342CBFAA2300543A22 /* MyPageBaseView.swift */ = {isa = PBXFileReference; lastKnownFileType = sourcecode.swift; path = MyPageBaseView.swift; sourceTree = "<group>"; };
		1F636C492D3A59950026ABE4 /* ApiResponse.swift */ = {isa = PBXFileReference; lastKnownFileType = sourcecode.swift; path = ApiResponse.swift; sourceTree = "<group>"; };
		1F636C4B2D3D3F670026ABE4 /* SignUpModel.swift */ = {isa = PBXFileReference; lastKnownFileType = sourcecode.swift; path = SignUpModel.swift; sourceTree = "<group>"; };
		1F636C572D3DEA2C0026ABE4 /* SignUpFooter.swift */ = {isa = PBXFileReference; lastKnownFileType = sourcecode.swift; path = SignUpFooter.swift; sourceTree = "<group>"; };
		1F656AF12CA979DE0035F81E /* TreatmentSelectView.swift */ = {isa = PBXFileReference; lastKnownFileType = sourcecode.swift; path = TreatmentSelectView.swift; sourceTree = "<group>"; };
		1F692CE02CB4FEA400BAEEBE /* EnterSSNView.swift */ = {isa = PBXFileReference; lastKnownFileType = sourcecode.swift; path = EnterSSNView.swift; sourceTree = "<group>"; };
		1F86E4A22D5DBED50042B256 /* MyPageModel.swift */ = {isa = PBXFileReference; lastKnownFileType = sourcecode.swift; path = MyPageModel.swift; sourceTree = "<group>"; };
		1F86E4A42D5DC0970042B256 /* MyPageEntity.swift */ = {isa = PBXFileReference; lastKnownFileType = sourcecode.swift; path = MyPageEntity.swift; sourceTree = "<group>"; };
		1F86E4AD2D5DDC9B0042B256 /* ViewStatus.swift */ = {isa = PBXFileReference; lastKnownFileType = sourcecode.swift; path = ViewStatus.swift; sourceTree = "<group>"; };
		1F89149B2D75EC0800AC6A5B /* DailyHugListDetailScreen.swift */ = {isa = PBXFileReference; lastKnownFileType = sourcecode.swift; path = DailyHugListDetailScreen.swift; sourceTree = "<group>"; };
		1F89149D2D75FCAE00AC6A5B /* dev.swift */ = {isa = PBXFileReference; lastKnownFileType = sourcecode.swift; path = dev.swift; sourceTree = "<group>"; };
		1F8929332CE0FF2600DDF698 /* MyPageListCell.swift */ = {isa = PBXFileReference; lastKnownFileType = sourcecode.swift; path = MyPageListCell.swift; sourceTree = "<group>"; };
		1F8929352CE10DCA00DDF698 /* ManageAccountScreen.swift */ = {isa = PBXFileReference; lastKnownFileType = sourcecode.swift; path = ManageAccountScreen.swift; sourceTree = "<group>"; };
		1F8B64C02CB3A9E400F61118 /* CountSelectView.swift */ = {isa = PBXFileReference; lastKnownFileType = sourcecode.swift; path = CountSelectView.swift; sourceTree = "<group>"; };
		1F8B64C42CB3AA7200F61118 /* SignUpTitleText.swift */ = {isa = PBXFileReference; lastKnownFileType = sourcecode.swift; path = SignUpTitleText.swift; sourceTree = "<group>"; };
		1F8D59192C3B956500832F61 /* MainScreen.swift */ = {isa = PBXFileReference; lastKnownFileType = sourcecode.swift; path = MainScreen.swift; sourceTree = "<group>"; };
		1F8D591B2C3B96CE00832F61 /* SplashScreen.swift */ = {isa = PBXFileReference; lastKnownFileType = sourcecode.swift; path = SplashScreen.swift; sourceTree = "<group>"; };
		1F8D591F2C3B9D0100832F61 /* Pretendard-SemiBold.otf */ = {isa = PBXFileReference; lastKnownFileType = file; path = "Pretendard-SemiBold.otf"; sourceTree = "<group>"; };
		1F8D59202C3B9D0100832F61 /* Pretendard-ExtraBold.otf */ = {isa = PBXFileReference; lastKnownFileType = file; path = "Pretendard-ExtraBold.otf"; sourceTree = "<group>"; };
		1F8D59212C3B9D0100832F61 /* Pretendard-Thin.otf */ = {isa = PBXFileReference; lastKnownFileType = file; path = "Pretendard-Thin.otf"; sourceTree = "<group>"; };
		1F8D59222C3B9D0100832F61 /* Pretendard-Light.otf */ = {isa = PBXFileReference; lastKnownFileType = file; path = "Pretendard-Light.otf"; sourceTree = "<group>"; };
		1F8D59232C3B9D0100832F61 /* Pretendard-Bold.otf */ = {isa = PBXFileReference; lastKnownFileType = file; path = "Pretendard-Bold.otf"; sourceTree = "<group>"; };
		1F8D59242C3B9D0100832F61 /* Pretendard-Medium.otf */ = {isa = PBXFileReference; lastKnownFileType = file; path = "Pretendard-Medium.otf"; sourceTree = "<group>"; };
		1F8D59252C3B9D0200832F61 /* Pretendard-ExtraLight.otf */ = {isa = PBXFileReference; lastKnownFileType = file; path = "Pretendard-ExtraLight.otf"; sourceTree = "<group>"; };
		1F8D59262C3B9D0200832F61 /* Pretendard-Regular.otf */ = {isa = PBXFileReference; lastKnownFileType = file; path = "Pretendard-Regular.otf"; sourceTree = "<group>"; };
		1F8D59272C3B9D0200832F61 /* Pretendard-Black.otf */ = {isa = PBXFileReference; lastKnownFileType = file; path = "Pretendard-Black.otf"; sourceTree = "<group>"; };
		1F8D59322C3B9D7700832F61 /* GmarketSansLight.otf */ = {isa = PBXFileReference; lastKnownFileType = file; path = GmarketSansLight.otf; sourceTree = "<group>"; };
		1F8D59332C3B9D7700832F61 /* GmarketSansMedium.otf */ = {isa = PBXFileReference; lastKnownFileType = file; path = GmarketSansMedium.otf; sourceTree = "<group>"; };
		1F8D59342C3B9D7700832F61 /* GmarketSansBold.otf */ = {isa = PBXFileReference; lastKnownFileType = file; path = GmarketSansBold.otf; sourceTree = "<group>"; };
		1F8D59382C3B9EB700832F61 /* Info.plist */ = {isa = PBXFileReference; lastKnownFileType = text.plist; path = Info.plist; sourceTree = "<group>"; };
		1F8D593A2C3B9FDA00832F61 /* CustomFonts.swift */ = {isa = PBXFileReference; lastKnownFileType = sourcecode.swift; path = CustomFonts.swift; sourceTree = "<group>"; };
		1F9451E02D75CAC1007797D9 /* DailyHugListScreen.swift */ = {isa = PBXFileReference; lastKnownFileType = sourcecode.swift; path = DailyHugListScreen.swift; sourceTree = "<group>"; };
		1F94774E2CE9E5AF00D947E1 /* SelectablePopup.swift */ = {isa = PBXFileReference; lastKnownFileType = sourcecode.swift; path = SelectablePopup.swift; sourceTree = "<group>"; };
		1F9477502CE9E60F00D947E1 /* AlertPopup.swift */ = {isa = PBXFileReference; lastKnownFileType = sourcecode.swift; path = AlertPopup.swift; sourceTree = "<group>"; };
		1F9477522CE9EA1D00D947E1 /* LedgerScreen.swift */ = {isa = PBXFileReference; lastKnownFileType = sourcecode.swift; path = LedgerScreen.swift; sourceTree = "<group>"; };
		1F99A7E52CC4DB4B00779628 /* HomeScreen.swift */ = {isa = PBXFileReference; lastKnownFileType = sourcecode.swift; path = HomeScreen.swift; sourceTree = "<group>"; };
		1FA281D12D37ADFA007BD828 /* LedgerAllPage.swift */ = {isa = PBXFileReference; lastKnownFileType = sourcecode.swift; path = LedgerAllPage.swift; sourceTree = "<group>"; };
		1FA3EB822D36207E008C68DB /* HGEmptyScheduleItem.swift */ = {isa = PBXFileReference; lastKnownFileType = sourcecode.swift; path = HGEmptyScheduleItem.swift; sourceTree = "<group>"; };
		1FA645EF2CB3EA3F00419660 /* AnyTransition+Extension.swift */ = {isa = PBXFileReference; lastKnownFileType = sourcecode.swift; path = "AnyTransition+Extension.swift"; sourceTree = "<group>"; };
		1FA883F42CD9F5400022244D /* HTTPClient.swift */ = {isa = PBXFileReference; lastKnownFileType = sourcecode.swift; path = HTTPClient.swift; sourceTree = "<group>"; };
		1FA883F72CD9F5600022244D /* AppState.swift */ = {isa = PBXFileReference; lastKnownFileType = sourcecode.swift; path = AppState.swift; sourceTree = "<group>"; };
		1FA883FA2CD9F6930022244D /* PreviewContainer.swift */ = {isa = PBXFileReference; lastKnownFileType = sourcecode.swift; path = PreviewContainer.swift; sourceTree = "<group>"; };
		1FAE4ABA2CE11264005C946B /* UINavigationController+Extensions.swift */ = {isa = PBXFileReference; lastKnownFileType = sourcecode.swift; path = "UINavigationController+Extensions.swift"; sourceTree = "<group>"; };
		1FB8AE932CAD60A0003BDC9C /* NoTapAnimationStyle.swift */ = {isa = PBXFileReference; lastKnownFileType = sourcecode.swift; path = NoTapAnimationStyle.swift; sourceTree = "<group>"; };
		1FBB671E2D68ABEB002C60A2 /* ChallengeCompleteRequestDTO.swift */ = {isa = PBXFileReference; lastKnownFileType = sourcecode.swift; path = ChallengeCompleteRequestDTO.swift; sourceTree = "<group>"; };
		1FBB671F2D68ABEB002C60A2 /* ChallengeCreateRequestDTO.swift */ = {isa = PBXFileReference; lastKnownFileType = sourcecode.swift; path = ChallengeCreateRequestDTO.swift; sourceTree = "<group>"; };
		1FBB67202D68ABEB002C60A2 /* ChallengeDTO.swift */ = {isa = PBXFileReference; lastKnownFileType = sourcecode.swift; path = ChallengeDTO.swift; sourceTree = "<group>"; };
		1FBB67212D68ABEB002C60A2 /* ChallengeNameRequestDTO.swift */ = {isa = PBXFileReference; lastKnownFileType = sourcecode.swift; path = ChallengeNameRequestDTO.swift; sourceTree = "<group>"; };
		1FBB67222D68ABEB002C60A2 /* ChallengeParticipantDTO.swift */ = {isa = PBXFileReference; lastKnownFileType = sourcecode.swift; path = ChallengeParticipantDTO.swift; sourceTree = "<group>"; };
		1FBB67232D68ABEB002C60A2 /* ChallengeParticipantsDTO.swift */ = {isa = PBXFileReference; lastKnownFileType = sourcecode.swift; path = ChallengeParticipantsDTO.swift; sourceTree = "<group>"; };
		1FBB67242D68ABEB002C60A2 /* ChallengeResponseDTO.swift */ = {isa = PBXFileReference; lastKnownFileType = sourcecode.swift; path = ChallengeResponseDTO.swift; sourceTree = "<group>"; };
		1FBB67252D68ABEB002C60A2 /* CheckInSameRecordResponseDTO.swift */ = {isa = PBXFileReference; lastKnownFileType = sourcecode.swift; path = CheckInSameRecordResponseDTO.swift; sourceTree = "<group>"; };
		1FBB67262D68ABEB002C60A2 /* CheckResponseDTO.swift */ = {isa = PBXFileReference; lastKnownFileType = sourcecode.swift; path = CheckResponseDTO.swift; sourceTree = "<group>"; };
		1FBB67272D68ABEB002C60A2 /* DailyAllResponseDTO.swift */ = {isa = PBXFileReference; lastKnownFileType = sourcecode.swift; path = DailyAllResponseDTO.swift; sourceTree = "<group>"; };
		1FBB67282D68ABEB002C60A2 /* DailyByCountResponseDTO.swift */ = {isa = PBXFileReference; lastKnownFileType = sourcecode.swift; path = DailyByCountResponseDTO.swift; sourceTree = "<group>"; };
		1FBB67292D68ABEB002C60A2 /* DailyIdBody.swift */ = {isa = PBXFileReference; lastKnownFileType = sourcecode.swift; path = DailyIdBody.swift; sourceTree = "<group>"; };
		1FBB672A2D68ABEB002C60A2 /* DailyReplyRequestDTO.swift */ = {isa = PBXFileReference; lastKnownFileType = sourcecode.swift; path = DailyReplyRequestDTO.swift; sourceTree = "<group>"; };
		1FBB672B2D68ABEB002C60A2 /* DailyRequestDTO.swift */ = {isa = PBXFileReference; lastKnownFileType = sourcecode.swift; path = DailyRequestDTO.swift; sourceTree = "<group>"; };
		1FBB672C2D68ABEB002C60A2 /* DailyResponseDTO.swift */ = {isa = PBXFileReference; lastKnownFileType = sourcecode.swift; path = DailyResponseDTO.swift; sourceTree = "<group>"; };
		1FBB672D2D68ABEB002C60A2 /* DailyWriteBody.swift */ = {isa = PBXFileReference; lastKnownFileType = sourcecode.swift; path = DailyWriteBody.swift; sourceTree = "<group>"; };
		1FBB672E2D68ABEB002C60A2 /* ExpenditureRequestDTO.swift */ = {isa = PBXFileReference; lastKnownFileType = sourcecode.swift; path = ExpenditureRequestDTO.swift; sourceTree = "<group>"; };
		1FBB672F2D68ABEB002C60A2 /* FcmRenewalRequest.swift */ = {isa = PBXFileReference; lastKnownFileType = sourcecode.swift; path = FcmRenewalRequest.swift; sourceTree = "<group>"; };
		1FBB67302D68ABEB002C60A2 /* HomeRecordResponseDTO.swift */ = {isa = PBXFileReference; lastKnownFileType = sourcecode.swift; path = HomeRecordResponseDTO.swift; sourceTree = "<group>"; };
		1FBB67312D68ABEB002C60A2 /* HomeResponseDTO.swift */ = {isa = PBXFileReference; lastKnownFileType = sourcecode.swift; path = HomeResponseDTO.swift; sourceTree = "<group>"; };
		1FBB67322D68ABEB002C60A2 /* LedgerDetailResponseDTO.swift */ = {isa = PBXFileReference; lastKnownFileType = sourcecode.swift; path = LedgerDetailResponseDTO.swift; sourceTree = "<group>"; };
		1FBB67332D68ABEB002C60A2 /* LedgerMemoRequestDTO.swift */ = {isa = PBXFileReference; lastKnownFileType = sourcecode.swift; path = LedgerMemoRequestDTO.swift; sourceTree = "<group>"; };
		1FBB67342D68ABEB002C60A2 /* LedgerRequestDTO.swift */ = {isa = PBXFileReference; lastKnownFileType = sourcecode.swift; path = LedgerRequestDTO.swift; sourceTree = "<group>"; };
		1FBB67352D68ABEB002C60A2 /* LedgerResponseDTO.swift */ = {isa = PBXFileReference; lastKnownFileType = sourcecode.swift; path = LedgerResponseDTO.swift; sourceTree = "<group>"; };
		1FBB67362D68ABEB002C60A2 /* LogoutWithdrawalResponseDTO.swift */ = {isa = PBXFileReference; lastKnownFileType = sourcecode.swift; path = LogoutWithdrawalResponseDTO.swift; sourceTree = "<group>"; };
		1FBB67372D68ABEB002C60A2 /* MedicalRecordRequestDTO.swift */ = {isa = PBXFileReference; lastKnownFileType = sourcecode.swift; path = MedicalRecordRequestDTO.swift; sourceTree = "<group>"; };
		1FBB67382D68ABEB002C60A2 /* MedicalRecordResponseDTO.swift */ = {isa = PBXFileReference; lastKnownFileType = sourcecode.swift; path = MedicalRecordResponseDTO.swift; sourceTree = "<group>"; };
		1FBB67392D68ABEB002C60A2 /* MedicalResponseDTO.swift */ = {isa = PBXFileReference; lastKnownFileType = sourcecode.swift; path = MedicalResponseDTO.swift; sourceTree = "<group>"; };
		1FBB673A2D68ABEB002C60A2 /* MyChallengeDTO.swift */ = {isa = PBXFileReference; lastKnownFileType = sourcecode.swift; path = MyChallengeDTO.swift; sourceTree = "<group>"; };
		1FBB673B2D68ABEB002C60A2 /* MyChallengeTotalDTO.swift */ = {isa = PBXFileReference; lastKnownFileType = sourcecode.swift; path = MyChallengeTotalDTO.swift; sourceTree = "<group>"; };
		1FBB67402D68ABEB002C60A2 /* NotificationDTO.swift */ = {isa = PBXFileReference; lastKnownFileType = sourcecode.swift; path = NotificationDTO.swift; sourceTree = "<group>"; };
		1FBB67412D68ABEB002C60A2 /* NotificationResponseDTO.swift */ = {isa = PBXFileReference; lastKnownFileType = sourcecode.swift; path = NotificationResponseDTO.swift; sourceTree = "<group>"; };
		1FBB67422D68ABEB002C60A2 /* RecordRequestDTO.swift */ = {isa = PBXFileReference; lastKnownFileType = sourcecode.swift; path = RecordRequestDTO.swift; sourceTree = "<group>"; };
		1FBB67432D68ABEB002C60A2 /* RecordResponseDTO.swift */ = {isa = PBXFileReference; lastKnownFileType = sourcecode.swift; path = RecordResponseDTO.swift; sourceTree = "<group>"; };
		1FBB67442D68ABEB002C60A2 /* RepeatTime.swift */ = {isa = PBXFileReference; lastKnownFileType = sourcecode.swift; path = RepeatTime.swift; sourceTree = "<group>"; };
		1FBB67452D68ABEB002C60A2 /* RepeatTimeResponseDTO.swift */ = {isa = PBXFileReference; lastKnownFileType = sourcecode.swift; path = RepeatTimeResponseDTO.swift; sourceTree = "<group>"; };
		1FBB67462D68ABEB002C60A2 /* ScheduleResponseDTO.swift */ = {isa = PBXFileReference; lastKnownFileType = sourcecode.swift; path = ScheduleResponseDTO.swift; sourceTree = "<group>"; };
		1FBB67472D68ABEB002C60A2 /* SideEffectRequestDTO.swift */ = {isa = PBXFileReference; lastKnownFileType = sourcecode.swift; path = SideEffectRequestDTO.swift; sourceTree = "<group>"; };
		1FBB67482D68ABEB002C60A2 /* SideEffectResponseDTO.swift */ = {isa = PBXFileReference; lastKnownFileType = sourcecode.swift; path = SideEffectResponseDTO.swift; sourceTree = "<group>"; };
		1FBB67492D68ABEB002C60A2 /* SubsidyAvailable.swift */ = {isa = PBXFileReference; lastKnownFileType = sourcecode.swift; path = SubsidyAvailable.swift; sourceTree = "<group>"; };
		1FBB674A2D68ABEB002C60A2 /* SubsidyDetailResponseDTO.swift */ = {isa = PBXFileReference; lastKnownFileType = sourcecode.swift; path = SubsidyDetailResponseDTO.swift; sourceTree = "<group>"; };
		1FBB674B2D68ABEB002C60A2 /* SubsidyRequestDTO.swift */ = {isa = PBXFileReference; lastKnownFileType = sourcecode.swift; path = SubsidyRequestDTO.swift; sourceTree = "<group>"; };
		1FBB674C2D68ABEB002C60A2 /* SubsidyResponseDTO.swift */ = {isa = PBXFileReference; lastKnownFileType = sourcecode.swift; path = SubsidyResponseDTO.swift; sourceTree = "<group>"; };
		1FC4328A2C49732E00FE5834 /* OnboardingState.swift */ = {isa = PBXFileReference; lastKnownFileType = sourcecode.swift; path = OnboardingState.swift; sourceTree = "<group>"; };
		1FCABC522D3E4172005B5285 /* SpouseCodeModel.swift */ = {isa = PBXFileReference; lastKnownFileType = sourcecode.swift; path = SpouseCodeModel.swift; sourceTree = "<group>"; };
		1FCD8F422CB52C6A00956BA0 /* SSNModel.swift */ = {isa = PBXFileReference; lastKnownFileType = sourcecode.swift; path = SSNModel.swift; sourceTree = "<group>"; };
		1FCEFF062D66B3E60063DA31 /* HGBlackToast.swift */ = {isa = PBXFileReference; lastKnownFileType = sourcecode.swift; path = HGBlackToast.swift; sourceTree = "<group>"; };
		1FCEFF082D66C4BC0063DA31 /* MyMedicineScreen.swift */ = {isa = PBXFileReference; lastKnownFileType = sourcecode.swift; path = MyMedicineScreen.swift; sourceTree = "<group>"; };
		1FD0D2292CB4308B00F96E87 /* DailyHugScreen.swift */ = {isa = PBXFileReference; lastKnownFileType = sourcecode.swift; path = DailyHugScreen.swift; sourceTree = "<group>"; };
		1FD0D22F2CB433A200F96E87 /* SurgeryType.swift */ = {isa = PBXFileReference; lastKnownFileType = sourcecode.swift; path = SurgeryType.swift; sourceTree = "<group>"; };
		1FD0D2312CB437B600F96E87 /* CustomDateFormatter.swift */ = {isa = PBXFileReference; lastKnownFileType = sourcecode.swift; path = CustomDateFormatter.swift; sourceTree = "<group>"; };
		1FD5D8772D1E41A9001D9C5B /* AgreementView.swift */ = {isa = PBXFileReference; lastKnownFileType = sourcecode.swift; path = AgreementView.swift; sourceTree = "<group>"; };
		1FD8260F2C3A7697003C295A /* OnboardingContent.swift */ = {isa = PBXFileReference; lastKnownFileType = sourcecode.swift; path = OnboardingContent.swift; sourceTree = "<group>"; };
		1FD826112C3A779A003C295A /* README.md */ = {isa = PBXFileReference; lastKnownFileType = net.daringfireball.markdown; path = README.md; sourceTree = "<group>"; };
		1FE68CF12C5B522200CD43E4 /* SignUpScreen.swift */ = {isa = PBXFileReference; lastKnownFileType = sourcecode.swift; path = SignUpScreen.swift; sourceTree = "<group>"; };
		1FE68CF32C5B528700CD43E4 /* HGAppBar.swift */ = {isa = PBXFileReference; lastKnownFileType = sourcecode.swift; path = HGAppBar.swift; sourceTree = "<group>"; };
		1FF199C32D36612A00FF3C17 /* HGTag.swift */ = {isa = PBXFileReference; lastKnownFileType = sourcecode.swift; path = HGTag.swift; sourceTree = "<group>"; };
		1FF199C52D3661E600FF3C17 /* HGHomeScheduleItem.swift */ = {isa = PBXFileReference; lastKnownFileType = sourcecode.swift; path = HGHomeScheduleItem.swift; sourceTree = "<group>"; };
		1FF199C72D36634200FF3C17 /* ComponentPreviewContainer.swift */ = {isa = PBXFileReference; lastKnownFileType = sourcecode.swift; path = ComponentPreviewContainer.swift; sourceTree = "<group>"; };
		1FF199D92D36675D00FF3C17 /* HGCheckBox.swift */ = {isa = PBXFileReference; lastKnownFileType = sourcecode.swift; path = HGCheckBox.swift; sourceTree = "<group>"; };
		1FF199DD2D37AA7000FF3C17 /* HGTagWithoutText.swift */ = {isa = PBXFileReference; lastKnownFileType = sourcecode.swift; path = HGTagWithoutText.swift; sourceTree = "<group>"; };
		1FF22A782C3AD7C200367518 /* OnboardingVO.swift */ = {isa = PBXFileReference; lastKnownFileType = sourcecode.swift; path = OnboardingVO.swift; sourceTree = "<group>"; };
		1FFD02092CB402B600020AF4 /* SelectStartDateView.swift */ = {isa = PBXFileReference; lastKnownFileType = sourcecode.swift; path = SelectStartDateView.swift; sourceTree = "<group>"; };
		1FFD020B2CB40ABB00020AF4 /* WifeShareCodeView.swift */ = {isa = PBXFileReference; lastKnownFileType = sourcecode.swift; path = WifeShareCodeView.swift; sourceTree = "<group>"; };
		1FFD020E2CB41AA900020AF4 /* CalendarScreen.swift */ = {isa = PBXFileReference; lastKnownFileType = sourcecode.swift; path = CalendarScreen.swift; sourceTree = "<group>"; };
/* End PBXFileReference section */

/* Begin PBXFileSystemSynchronizedRootGroup section */
		1F2B73D02D5DB24900E07569 /* MyPage */ = {isa = PBXFileSystemSynchronizedRootGroup; explicitFileTypes = {}; explicitFolders = (); path = MyPage; sourceTree = "<group>"; };
		1F636C462D3A52590026ABE4 /* Authentication */ = {isa = PBXFileSystemSynchronizedRootGroup; explicitFileTypes = {}; explicitFolders = (); path = Authentication; sourceTree = "<group>"; };
		1F89149F2D76010000AC6A5B /* Buttons */ = {isa = PBXFileSystemSynchronizedRootGroup; explicitFileTypes = {}; explicitFolders = (); path = Buttons; sourceTree = "<group>"; };
		1F9477542CEA098000D947E1 /* Examples */ = {isa = PBXFileSystemSynchronizedRootGroup; explicitFileTypes = {}; explicitFolders = (); path = Examples; sourceTree = "<group>"; };
		1FF199BC2D36400B00FF3C17 /* IconButton */ = {isa = PBXFileSystemSynchronizedRootGroup; explicitFileTypes = {}; explicitFolders = (); path = IconButton; sourceTree = "<group>"; };
/* End PBXFileSystemSynchronizedRootGroup section */

/* Begin PBXFrameworksBuildPhase section */
		1F0D92EA2C365B6D00BB6ADD /* Frameworks */ = {
			isa = PBXFrameworksBuildPhase;
			buildActionMask = 2147483647;
			files = (
				1F2449132D7151940026D9B7 /* Lottie in Frameworks */,
				1F3F3CB72CE2EF7C006D4EE7 /* PopupView in Frameworks */,
				1F8929302CE0D86100DDF698 /* KakaoSDKCommon in Frameworks */,
				1F89292E2CE0D86100DDF698 /* KakaoSDKAuth in Frameworks */,
				1F8929322CE0D86100DDF698 /* KakaoSDKUser in Frameworks */,
			);
			runOnlyForDeploymentPostprocessing = 0;
		};
/* End PBXFrameworksBuildPhase section */

/* Begin PBXGroup section */
		1F0D92E42C365B6D00BB6ADD = {
			isa = PBXGroup;
			children = (
				1F0D92EF2C365B6D00BB6ADD /* hugg */,
				1F0D92EE2C365B6D00BB6ADD /* Products */,
			);
			sourceTree = "<group>";
		};
		1F0D92EE2C365B6D00BB6ADD /* Products */ = {
			isa = PBXGroup;
			children = (
				1F0D92ED2C365B6D00BB6ADD /* hugg.app */,
			);
			name = Products;
			sourceTree = "<group>";
		};
		1F0D92EF2C365B6D00BB6ADD /* hugg */ = {
			isa = PBXGroup;
			children = (
				1F89149D2D75FCAE00AC6A5B /* dev.swift */,
				1F1ED37F2D52428500A1894A /* Docs */,
				1F9477542CEA098000D947E1 /* Examples */,
				1F3F3CB92CE2FDC1006D4EE7 /* Constants.swift */,
				1F8D59392C3B9FC800832F61 /* Utils */,
				1F8D59382C3B9EB700832F61 /* Info.plist */,
				1F8D591D2C3B9C5B00832F61 /* Resources */,
				1F0D93012C3664B800BB6ADD /* Clients */,
				1F0D93002C365DD600BB6ADD /* ViewModels */,
				1F0D92FF2C365DCF00BB6ADD /* Views */,
				1F0D92FE2C365DC500BB6ADD /* Models */,
				1F0D92F02C365B6D00BB6ADD /* huggApp.swift */,
				1F0D92F42C365B6E00BB6ADD /* Assets.xcassets */,
				1F0D92F62C365B6E00BB6ADD /* Preview Content */,
				1FD826112C3A779A003C295A /* README.md */,
			);
			path = hugg;
			sourceTree = "<group>";
		};
		1F0D92F62C365B6E00BB6ADD /* Preview Content */ = {
			isa = PBXGroup;
			children = (
				1F0D92F72C365B6E00BB6ADD /* Preview Assets.xcassets */,
			);
			path = "Preview Content";
			sourceTree = "<group>";
		};
		1F0D92FE2C365DC500BB6ADD /* Models */ = {
			isa = PBXGroup;
			children = (
				1F24491C2D719BBD0026D9B7 /* HomeScreenModel.swift */,
				1F24491A2D7163100026D9B7 /* LedgerModel.swift */,
				1F24490B2D707E4F0026D9B7 /* NotificationModel.swift */,
				1F86E4A22D5DBED50042B256 /* MyPageModel.swift */,
				1FA883F62CD9F5570022244D /* States */,
				1FD0D22D2CB4332600F96E87 /* Enums */,
				1FD0D22C2CB432E500F96E87 /* Entity */,
				1FD0D22B2CB432D700F96E87 /* DTO */,
				1FA883F72CD9F5600022244D /* AppState.swift */,
				1F636C4B2D3D3F670026ABE4 /* SignUpModel.swift */,
			);
			path = Models;
			sourceTree = "<group>";
		};
		1F0D92FF2C365DCF00BB6ADD /* Views */ = {
			isa = PBXGroup;
			children = (
				1F1ED3892D5248D900A1894A /* Onboarding */,
				1FA883F92CD9F6860022244D /* Previews */,
				1F99A7E42CC4DB2900779628 /* Home */,
				1FD0D2272CB42F7600F96E87 /* MyPage */,
				1FD0D2262CB42F7100F96E87 /* DailyHug */,
				1FD0D2252CB42F1700F96E87 /* Ledger */,
				1FFD020D2CB41A9200020AF4 /* Calendar */,
				1FE68CF02C5B520100CD43E4 /* Authentication */,
				1F0D93092C36808100BB6ADD /* Common */,
				1F0D92F22C365B6D00BB6ADD /* EntryPointScreen.swift */,
				1F8D59192C3B956500832F61 /* MainScreen.swift */,
				1F8D591B2C3B96CE00832F61 /* SplashScreen.swift */,
			);
			path = Views;
			sourceTree = "<group>";
		};
		1F0D93002C365DD600BB6ADD /* ViewModels */ = {
			isa = PBXGroup;
			children = (
				1F032BBC2C612B5B00E8C64B /* SignUpViewModel.swift */,
			);
			path = ViewModels;
			sourceTree = "<group>";
		};
		1F0D93012C3664B800BB6ADD /* Clients */ = {
			isa = PBXGroup;
			children = (
				1F2449282D75B4320026D9B7 /* LoginHTTPClient.swift */,
				1FA883F42CD9F5400022244D /* HTTPClient.swift */,
			);
			path = Clients;
			sourceTree = "<group>";
		};
		1F0D93092C36808100BB6ADD /* Common */ = {
			isa = PBXGroup;
			children = (
				1F89149F2D76010000AC6A5B /* Buttons */,
				1FCEFF052D66B3D30063DA31 /* Toast */,
				1FF199BC2D36400B00FF3C17 /* IconButton */,
				1F8B64C32CB3AA4F00F61118 /* CustomText */,
				1F31AFDC2C972B3500DBFB18 /* Popup */,
				1FEAF0302C498843004C0EE1 /* Home */,
				1F0D930A2C36808900BB6ADD /* Onboarding */,
				1FE68CF32C5B528700CD43E4 /* HGAppBar.swift */,
				1F032BB82C612A3500E8C64B /* SkeletonBox.swift */,
				1F31AFDD2C972BA100DBFB18 /* HGCounter.swift */,
				1FF199C32D36612A00FF3C17 /* HGTag.swift */,
				1FF199D92D36675D00FF3C17 /* HGCheckBox.swift */,
				1FF199DD2D37AA7000FF3C17 /* HGTagWithoutText.swift */,
				1F24490F2D714F9F0026D9B7 /* HGProgressView.swift */,
				1F2449142D71528D0026D9B7 /* HGErrorView.swift */,
				1F2449222D74211D0026D9B7 /* HGTextField.swift */,
			);
			path = Common;
			sourceTree = "<group>";
		};
		1F0D930A2C36808900BB6ADD /* Onboarding */ = {
			isa = PBXGroup;
			children = (
				1F0D930B2C36809500BB6ADD /* OnboardingAppBar.swift */,
				1FD8260F2C3A7697003C295A /* OnboardingContent.swift */,
			);
			path = Onboarding;
			sourceTree = "<group>";
		};
		1F1ED37F2D52428500A1894A /* Docs */ = {
			isa = PBXGroup;
			children = (
				1F2B73CE2D5D852D00E07569 /* service_layer.md */,
				1F2B73C92D5D81D100E07569 /* note.md */,
				1F1ED3812D52428E00A1894A /* http_guide.md */,
				1F1ED3872D5247A100A1894A /* todo.md */,
			);
			path = Docs;
			sourceTree = "<group>";
		};
		1F1ED3892D5248D900A1894A /* Onboarding */ = {
			isa = PBXGroup;
			children = (
				1F0D93072C367F5300BB6ADD /* OnboardingScreen.swift */,
			);
			path = Onboarding;
			sourceTree = "<group>";
		};
		1F31AFDC2C972B3500DBFB18 /* Popup */ = {
			isa = PBXGroup;
			children = (
				1F94774E2CE9E5AF00D947E1 /* SelectablePopup.swift */,
				1F9477502CE9E60F00D947E1 /* AlertPopup.swift */,
				1F2449262D75AD320026D9B7 /* ErrorPopup.swift */,
			);
			path = Popup;
			sourceTree = "<group>";
		};
		1F3DC3522CB50F9D00A72A52 /* Modifiers */ = {
			isa = PBXGroup;
			children = (
				1F3DC3532CB50FAE00A72A52 /* MaxLengthModifier.swift */,
			);
			path = Modifiers;
			sourceTree = "<group>";
		};
		1F636C452D3A52480026ABE4 /* Home */ = {
			isa = PBXGroup;
			children = (
				1FBB67302D68ABEB002C60A2 /* HomeRecordResponseDTO.swift */,
				1FBB67312D68ABEB002C60A2 /* HomeResponseDTO.swift */,
			);
			path = Home;
			sourceTree = "<group>";
		};
		1F8B64C32CB3AA4F00F61118 /* CustomText */ = {
			isa = PBXGroup;
			children = (
				1F8B64C42CB3AA7200F61118 /* SignUpTitleText.swift */,
			);
			path = CustomText;
			sourceTree = "<group>";
		};
		1F8D591D2C3B9C5B00832F61 /* Resources */ = {
			isa = PBXGroup;
			children = (
				1F8D59312C3B9D6300832F61 /* Gmarket */,
				1F8D591E2C3B9CED00832F61 /* Pretendard */,
			);
			path = Resources;
			sourceTree = "<group>";
		};
		1F8D591E2C3B9CED00832F61 /* Pretendard */ = {
			isa = PBXGroup;
			children = (
				1F8D59272C3B9D0200832F61 /* Pretendard-Black.otf */,
				1F8D59232C3B9D0100832F61 /* Pretendard-Bold.otf */,
				1F8D59202C3B9D0100832F61 /* Pretendard-ExtraBold.otf */,
				1F8D59252C3B9D0200832F61 /* Pretendard-ExtraLight.otf */,
				1F8D59222C3B9D0100832F61 /* Pretendard-Light.otf */,
				1F8D59242C3B9D0100832F61 /* Pretendard-Medium.otf */,
				1F8D59262C3B9D0200832F61 /* Pretendard-Regular.otf */,
				1F8D591F2C3B9D0100832F61 /* Pretendard-SemiBold.otf */,
				1F8D59212C3B9D0100832F61 /* Pretendard-Thin.otf */,
			);
			path = Pretendard;
			sourceTree = "<group>";
		};
		1F8D59312C3B9D6300832F61 /* Gmarket */ = {
			isa = PBXGroup;
			children = (
				1F8D59342C3B9D7700832F61 /* GmarketSansBold.otf */,
				1F8D59322C3B9D7700832F61 /* GmarketSansLight.otf */,
				1F8D59332C3B9D7700832F61 /* GmarketSansMedium.otf */,
			);
			path = Gmarket;
			sourceTree = "<group>";
		};
		1F8D59392C3B9FC800832F61 /* Utils */ = {
			isa = PBXGroup;
			children = (
				1F3F3CB32CE2E598006D4EE7 /* TokenManager.swift */,
				1F3DC3522CB50F9D00A72A52 /* Modifiers */,
				1FA645EE2CB3EA1B00419660 /* Extensions */,
				1F8D593A2C3B9FDA00832F61 /* CustomFonts.swift */,
				1FD0D2312CB437B600F96E87 /* CustomDateFormatter.swift */,
				1FB8AE922CAD6087003BDC9C /* Styles */,
			);
			path = Utils;
			sourceTree = "<group>";
		};
		1F99A7E42CC4DB2900779628 /* Home */ = {
			isa = PBXGroup;
			children = (
				1F99A7E52CC4DB4B00779628 /* HomeScreen.swift */,
				1FA3EB822D36207E008C68DB /* HGEmptyScheduleItem.swift */,
				1FF199C52D3661E600FF3C17 /* HGHomeScheduleItem.swift */,
				1F24490D2D707F100026D9B7 /* NotificationScreen.swift */,
				1F2449162D7158660026D9B7 /* HGHomeAppBar.swift */,
			);
			path = Home;
			sourceTree = "<group>";
		};
		1FA645EE2CB3EA1B00419660 /* Extensions */ = {
			isa = PBXGroup;
			children = (
				1FAE4ABA2CE11264005C946B /* UINavigationController+Extensions.swift */,
				1FA645EF2CB3EA3F00419660 /* AnyTransition+Extension.swift */,
				1F3DC3552CB50FCE00A72A52 /* TextField+Extension.swift */,
			);
			path = Extensions;
			sourceTree = "<group>";
		};
		1FA883F62CD9F5570022244D /* States */ = {
			isa = PBXGroup;
			children = (
				1FC4328A2C49732E00FE5834 /* OnboardingState.swift */,
				1FCABC522D3E4172005B5285 /* SpouseCodeModel.swift */,
			);
			path = States;
			sourceTree = "<group>";
		};
		1FA883F92CD9F6860022244D /* Previews */ = {
			isa = PBXGroup;
			children = (
				1FA883FA2CD9F6930022244D /* PreviewContainer.swift */,
				1FF199C72D36634200FF3C17 /* ComponentPreviewContainer.swift */,
			);
			path = Previews;
			sourceTree = "<group>";
		};
		1FB8AE922CAD6087003BDC9C /* Styles */ = {
			isa = PBXGroup;
			children = (
				1F4CE85B2D1E5404005CB661 /* CheckboxToggleStyle.swift */,
				1FB8AE932CAD60A0003BDC9C /* NoTapAnimationStyle.swift */,
				1F3DC34E2CB5032200A72A52 /* SSNTextfieldStyle.swift */,
			);
			path = Styles;
			sourceTree = "<group>";
		};
		1FBB67022D68AB9D002C60A2 /* Gen */ = {
			isa = PBXGroup;
			children = (
				1FBB67252D68ABEB002C60A2 /* CheckInSameRecordResponseDTO.swift */,
				1FBB67262D68ABEB002C60A2 /* CheckResponseDTO.swift */,
				1FBB67272D68ABEB002C60A2 /* DailyAllResponseDTO.swift */,
				1FBB67282D68ABEB002C60A2 /* DailyByCountResponseDTO.swift */,
				1FBB67292D68ABEB002C60A2 /* DailyIdBody.swift */,
				1FBB672A2D68ABEB002C60A2 /* DailyReplyRequestDTO.swift */,
				1FBB672B2D68ABEB002C60A2 /* DailyRequestDTO.swift */,
				1FBB672C2D68ABEB002C60A2 /* DailyResponseDTO.swift */,
				1FBB672D2D68ABEB002C60A2 /* DailyWriteBody.swift */,
				1FBB672E2D68ABEB002C60A2 /* ExpenditureRequestDTO.swift */,
				1FBB672F2D68ABEB002C60A2 /* FcmRenewalRequest.swift */,
				1FBB67362D68ABEB002C60A2 /* LogoutWithdrawalResponseDTO.swift */,
				1FBB67372D68ABEB002C60A2 /* MedicalRecordRequestDTO.swift */,
				1FBB67382D68ABEB002C60A2 /* MedicalRecordResponseDTO.swift */,
				1FBB67392D68ABEB002C60A2 /* MedicalResponseDTO.swift */,
				1FBB67422D68ABEB002C60A2 /* RecordRequestDTO.swift */,
				1FBB67432D68ABEB002C60A2 /* RecordResponseDTO.swift */,
				1FBB67442D68ABEB002C60A2 /* RepeatTime.swift */,
				1FBB67452D68ABEB002C60A2 /* RepeatTimeResponseDTO.swift */,
				1FBB67462D68ABEB002C60A2 /* ScheduleResponseDTO.swift */,
				1FBB67472D68ABEB002C60A2 /* SideEffectRequestDTO.swift */,
				1FBB67482D68ABEB002C60A2 /* SideEffectResponseDTO.swift */,
			);
			path = Gen;
			sourceTree = "<group>";
		};
		1FBB679F2D68AF12002C60A2 /* Challenge */ = {
			isa = PBXGroup;
			children = (
				1FBB671E2D68ABEB002C60A2 /* ChallengeCompleteRequestDTO.swift */,
				1FBB671F2D68ABEB002C60A2 /* ChallengeCreateRequestDTO.swift */,
				1FBB67202D68ABEB002C60A2 /* ChallengeDTO.swift */,
				1FBB67212D68ABEB002C60A2 /* ChallengeNameRequestDTO.swift */,
				1FBB67222D68ABEB002C60A2 /* ChallengeParticipantDTO.swift */,
				1FBB67232D68ABEB002C60A2 /* ChallengeParticipantsDTO.swift */,
				1FBB67242D68ABEB002C60A2 /* ChallengeResponseDTO.swift */,
				1FBB673A2D68ABEB002C60A2 /* MyChallengeDTO.swift */,
				1FBB673B2D68ABEB002C60A2 /* MyChallengeTotalDTO.swift */,
			);
			path = Challenge;
			sourceTree = "<group>";
		};
		1FBB67A02D68AF59002C60A2 /* Ledger */ = {
			isa = PBXGroup;
			children = (
				1FBB67322D68ABEB002C60A2 /* LedgerDetailResponseDTO.swift */,
				1FBB67332D68ABEB002C60A2 /* LedgerMemoRequestDTO.swift */,
				1FBB67342D68ABEB002C60A2 /* LedgerRequestDTO.swift */,
				1FBB67352D68ABEB002C60A2 /* LedgerResponseDTO.swift */,
				1FBB67492D68ABEB002C60A2 /* SubsidyAvailable.swift */,
				1FBB674A2D68ABEB002C60A2 /* SubsidyDetailResponseDTO.swift */,
				1FBB674B2D68ABEB002C60A2 /* SubsidyRequestDTO.swift */,
				1FBB674C2D68ABEB002C60A2 /* SubsidyResponseDTO.swift */,
			);
			path = Ledger;
			sourceTree = "<group>";
		};
		1FBB67A12D68AF96002C60A2 /* Notification */ = {
			isa = PBXGroup;
			children = (
				1FBB67402D68ABEB002C60A2 /* NotificationDTO.swift */,
				1FBB67412D68ABEB002C60A2 /* NotificationResponseDTO.swift */,
			);
			path = Notification;
			sourceTree = "<group>";
		};
		1FCEFF052D66B3D30063DA31 /* Toast */ = {
			isa = PBXGroup;
			children = (
				1FCEFF062D66B3E60063DA31 /* HGBlackToast.swift */,
			);
			path = Toast;
			sourceTree = "<group>";
		};
		1FD0D2252CB42F1700F96E87 /* Ledger */ = {
			isa = PBXGroup;
			children = (
				1F9477522CE9EA1D00D947E1 /* LedgerScreen.swift */,
				1FA281D12D37ADFA007BD828 /* LedgerAllPage.swift */,
				1F2449182D71623B0026D9B7 /* AddLedgerScreen.swift */,
				1F24491E2D71C12B0026D9B7 /* SubsidyScreen.swift */,
				1F2449202D71C1B50026D9B7 /* SubsidyFormScreen.swift */,
			);
			path = Ledger;
			sourceTree = "<group>";
		};
		1FD0D2262CB42F7100F96E87 /* DailyHug */ = {
			isa = PBXGroup;
			children = (
				1F9451E02D75CAC1007797D9 /* DailyHugListScreen.swift */,
				1FD0D2292CB4308B00F96E87 /* DailyHugScreen.swift */,
				1F89149B2D75EC0800AC6A5B /* DailyHugListDetailScreen.swift */,
			);
			path = DailyHug;
			sourceTree = "<group>";
		};
		1FD0D2272CB42F7600F96E87 /* MyPage */ = {
			isa = PBXGroup;
			children = (
				1F603C6E2CBD06E100E5BF5D /* MyPageScreen.swift */,
				1F60E3342CBFAA2300543A22 /* MyPageBaseView.swift */,
				1F8929332CE0FF2600DDF698 /* MyPageListCell.swift */,
				1F8929352CE10DCA00DDF698 /* ManageAccountScreen.swift */,
				1F2B73D62D5DB5CF00E07569 /* MyPageSpouseScreen.swift */,
				1F3CA1EE2D6476270086FDB2 /* MyPageQuestionScreen.swift */,
				1FCEFF082D66C4BC0063DA31 /* MyMedicineScreen.swift */,
			);
			path = MyPage;
			sourceTree = "<group>";
		};
		1FD0D22B2CB432D700F96E87 /* DTO */ = {
			isa = PBXGroup;
			children = (
				1FBB67A12D68AF96002C60A2 /* Notification */,
				1FBB67A02D68AF59002C60A2 /* Ledger */,
				1FBB679F2D68AF12002C60A2 /* Challenge */,
				1FBB67022D68AB9D002C60A2 /* Gen */,
				1F2B73D02D5DB24900E07569 /* MyPage */,
				1F636C462D3A52590026ABE4 /* Authentication */,
				1F636C452D3A52480026ABE4 /* Home */,
				1F636C492D3A59950026ABE4 /* ApiResponse.swift */,
			);
			path = DTO;
			sourceTree = "<group>";
		};
		1FD0D22C2CB432E500F96E87 /* Entity */ = {
			isa = PBXGroup;
			children = (
				1F86E4A42D5DC0970042B256 /* MyPageEntity.swift */,
				1FF22A782C3AD7C200367518 /* OnboardingVO.swift */,
				1FCD8F422CB52C6A00956BA0 /* SSNModel.swift */,
			);
			path = Entity;
			sourceTree = "<group>";
		};
		1FD0D22D2CB4332600F96E87 /* Enums */ = {
			isa = PBXGroup;
			children = (
				1F2449242D7452320026D9B7 /* HGGender.swift */,
				1F86E4AD2D5DDC9B0042B256 /* ViewStatus.swift */,
				1FD0D22F2CB433A200F96E87 /* SurgeryType.swift */,
				1F0DD9382CD7534700708811 /* RecordType.swift */,
				1F2449092D70671C0026D9B7 /* NotificationType.swift */,
			);
			path = Enums;
			sourceTree = "<group>";
		};
		1FE68CF02C5B520100CD43E4 /* Authentication */ = {
			isa = PBXGroup;
			children = (
				1FE68CF12C5B522200CD43E4 /* SignUpScreen.swift */,
				1F656AF12CA979DE0035F81E /* TreatmentSelectView.swift */,
				1F8B64C02CB3A9E400F61118 /* CountSelectView.swift */,
				1FFD02092CB402B600020AF4 /* SelectStartDateView.swift */,
				1FFD020B2CB40ABB00020AF4 /* WifeShareCodeView.swift */,
				1F692CE02CB4FEA400BAEEBE /* EnterSSNView.swift */,
				1FD5D8772D1E41A9001D9C5B /* AgreementView.swift */,
				1F4CE85D2D1E5B02005CB661 /* PermissionScreen.swift */,
				1F636C572D3DEA2C0026ABE4 /* SignUpFooter.swift */,
			);
			path = Authentication;
			sourceTree = "<group>";
		};
		1FEAF0302C498843004C0EE1 /* Home */ = {
			isa = PBXGroup;
			children = (
			);
			path = Home;
			sourceTree = "<group>";
		};
		1FFD020D2CB41A9200020AF4 /* Calendar */ = {
			isa = PBXGroup;
			children = (
				1FFD020E2CB41AA900020AF4 /* CalendarScreen.swift */,
			);
			path = Calendar;
			sourceTree = "<group>";
		};
/* End PBXGroup section */

/* Begin PBXNativeTarget section */
		1F0D92EC2C365B6D00BB6ADD /* hugg */ = {
			isa = PBXNativeTarget;
			buildConfigurationList = 1F0D92FB2C365B6E00BB6ADD /* Build configuration list for PBXNativeTarget "hugg" */;
			buildPhases = (
				1F0D92E92C365B6D00BB6ADD /* Sources */,
				1F0D92EA2C365B6D00BB6ADD /* Frameworks */,
				1F0D92EB2C365B6D00BB6ADD /* Resources */,
			);
			buildRules = (
			);
			dependencies = (
			);
			fileSystemSynchronizedGroups = (
				1F2B73D02D5DB24900E07569 /* MyPage */,
				1F636C462D3A52590026ABE4 /* Authentication */,
				1F89149F2D76010000AC6A5B /* Buttons */,
				1F9477542CEA098000D947E1 /* Examples */,
				1FF199BC2D36400B00FF3C17 /* IconButton */,
			);
			name = hugg;
			productName = hugg;
			productReference = 1F0D92ED2C365B6D00BB6ADD /* hugg.app */;
			productType = "com.apple.product-type.application";
		};
/* End PBXNativeTarget section */

/* Begin PBXProject section */
		1F0D92E52C365B6D00BB6ADD /* Project object */ = {
			isa = PBXProject;
			attributes = {
				BuildIndependentTargetsInParallel = 1;
				LastSwiftUpdateCheck = 1540;
				LastUpgradeCheck = 1540;
				TargetAttributes = {
					1F0D92EC2C365B6D00BB6ADD = {
						CreatedOnToolsVersion = 15.4;
					};
				};
			};
			buildConfigurationList = 1F0D92E82C365B6D00BB6ADD /* Build configuration list for PBXProject "hugg" */;
			compatibilityVersion = "Xcode 14.0";
			developmentRegion = en;
			hasScannedForEncodings = 0;
			knownRegions = (
				en,
				Base,
			);
			mainGroup = 1F0D92E42C365B6D00BB6ADD;
			packageReferences = (
				1F89292C2CE0D86100DDF698 /* XCRemoteSwiftPackageReference "kakao-ios-sdk" */,
				1F3F3CB52CE2EF7C006D4EE7 /* XCRemoteSwiftPackageReference "PopupView" */,
				1F2449112D7151940026D9B7 /* XCRemoteSwiftPackageReference "lottie-spm" */,
			);
			productRefGroup = 1F0D92EE2C365B6D00BB6ADD /* Products */;
			projectDirPath = "";
			projectRoot = "";
			targets = (
				1F0D92EC2C365B6D00BB6ADD /* hugg */,
			);
		};
/* End PBXProject section */

/* Begin PBXResourcesBuildPhase section */
		1F0D92EB2C365B6D00BB6ADD /* Resources */ = {
			isa = PBXResourcesBuildPhase;
			buildActionMask = 2147483647;
			files = (
				1F2B73CF2D5D853000E07569 /* service_layer.md in Resources */,
				1F8D592E2C3B9D0200832F61 /* Pretendard-ExtraLight.otf in Resources */,
				1F2B73CA2D5D81D800E07569 /* note.md in Resources */,
				1F8D59282C3B9D0200832F61 /* Pretendard-SemiBold.otf in Resources */,
				1F8D592A2C3B9D0200832F61 /* Pretendard-Thin.otf in Resources */,
				1F8D592C2C3B9D0200832F61 /* Pretendard-Bold.otf in Resources */,
				1F8D592D2C3B9D0200832F61 /* Pretendard-Medium.otf in Resources */,
				1F1ED3822D5242A000A1894A /* http_guide.md in Resources */,
				1F8D59372C3B9D7700832F61 /* GmarketSansBold.otf in Resources */,
				1F8D59362C3B9D7700832F61 /* GmarketSansMedium.otf in Resources */,
				1F0D92F82C365B6E00BB6ADD /* Preview Assets.xcassets in Resources */,
				1F8D59302C3B9D0200832F61 /* Pretendard-Black.otf in Resources */,
				1F8D59352C3B9D7700832F61 /* GmarketSansLight.otf in Resources */,
				1F8D59292C3B9D0200832F61 /* Pretendard-ExtraBold.otf in Resources */,
				1F1ED3882D5247A100A1894A /* todo.md in Resources */,
				1F8D592F2C3B9D0200832F61 /* Pretendard-Regular.otf in Resources */,
				1F0D92F52C365B6E00BB6ADD /* Assets.xcassets in Resources */,
				1F8D592B2C3B9D0200832F61 /* Pretendard-Light.otf in Resources */,
			);
			runOnlyForDeploymentPostprocessing = 0;
		};
/* End PBXResourcesBuildPhase section */

/* Begin PBXSourcesBuildPhase section */
		1F0D92E92C365B6D00BB6ADD /* Sources */ = {
			isa = PBXSourcesBuildPhase;
			buildActionMask = 2147483647;
			files = (
				1F89149C2D75EC0800AC6A5B /* DailyHugListDetailScreen.swift in Sources */,
				1F24490C2D707E5A0026D9B7 /* NotificationModel.swift in Sources */,
				1FA281D22D37ADFA007BD828 /* LedgerAllPage.swift in Sources */,
				1FCEFF092D66C4BC0063DA31 /* MyMedicineScreen.swift in Sources */,
				1F603C6F2CBD06E100E5BF5D /* MyPageScreen.swift in Sources */,
				1F2B73D72D5DB5CF00E07569 /* MyPageSpouseScreen.swift in Sources */,
				1F2449252D7452370026D9B7 /* HGGender.swift in Sources */,
				1FA883FB2CD9F6930022244D /* PreviewContainer.swift in Sources */,
				1F032BB92C612A3500E8C64B /* SkeletonBox.swift in Sources */,
				1F692CE12CB4FEA400BAEEBE /* EnterSSNView.swift in Sources */,
				1F31AFDE2C972BA100DBFB18 /* HGCounter.swift in Sources */,
				1FCABC532D3E4172005B5285 /* SpouseCodeModel.swift in Sources */,
				1F2449232D74211D0026D9B7 /* HGTextField.swift in Sources */,
				1F3DC3562CB50FCE00A72A52 /* TextField+Extension.swift in Sources */,
				1F032BBD2C612B5B00E8C64B /* SignUpViewModel.swift in Sources */,
				1F2449102D714F9F0026D9B7 /* HGProgressView.swift in Sources */,
				1F24491F2D71C12B0026D9B7 /* SubsidyScreen.swift in Sources */,
				1F8D591A2C3B956500832F61 /* MainScreen.swift in Sources */,
				1FFD020F2CB41AA900020AF4 /* CalendarScreen.swift in Sources */,
				1FA883F82CD9F5600022244D /* AppState.swift in Sources */,
				1F9477512CE9E60F00D947E1 /* AlertPopup.swift in Sources */,
				1FA645F02CB3EA3F00419660 /* AnyTransition+Extension.swift in Sources */,
				1FFD020A2CB402B600020AF4 /* SelectStartDateView.swift in Sources */,
				1FB8AE942CAD60A0003BDC9C /* NoTapAnimationStyle.swift in Sources */,
				1F0DD9392CD7534700708811 /* RecordType.swift in Sources */,
				1F0D92F32C365B6D00BB6ADD /* EntryPointScreen.swift in Sources */,
				1F86E4A52D5DC09E0042B256 /* MyPageEntity.swift in Sources */,
				1F2449212D71C1B50026D9B7 /* SubsidyFormScreen.swift in Sources */,
				1FF22A792C3AD7C200367518 /* OnboardingVO.swift in Sources */,
				1F4CE85C2D1E540C005CB661 /* CheckboxToggleStyle.swift in Sources */,
				1F86E4AE2D5DDC9E0042B256 /* ViewStatus.swift in Sources */,
				1F99A7E62CC4DB4B00779628 /* HomeScreen.swift in Sources */,
				1FE68CF22C5B522200CD43E4 /* SignUpScreen.swift in Sources */,
				1FD0D2302CB433A200F96E87 /* SurgeryType.swift in Sources */,
				1F8929362CE10DCA00DDF698 /* ManageAccountScreen.swift in Sources */,
				1F2449192D71623B0026D9B7 /* AddLedgerScreen.swift in Sources */,
				1F60E3352CBFAA2300543A22 /* MyPageBaseView.swift in Sources */,
				1F0D92F12C365B6D00BB6ADD /* huggApp.swift in Sources */,
				1FFD020C2CB40ABB00020AF4 /* WifeShareCodeView.swift in Sources */,
				1F636C4A2D3A59950026ABE4 /* ApiResponse.swift in Sources */,
				1F3F3CBA2CE2FDC3006D4EE7 /* Constants.swift in Sources */,
				1F2449152D71528D0026D9B7 /* HGErrorView.swift in Sources */,
				1F9477532CE9EA1D00D947E1 /* LedgerScreen.swift in Sources */,
				1FBB67522D68ABEB002C60A2 /* MedicalResponseDTO.swift in Sources */,
				1FBB67532D68ABEB002C60A2 /* NotificationDTO.swift in Sources */,
				1FBB67562D68ABEB002C60A2 /* MyChallengeTotalDTO.swift in Sources */,
				1F2449272D75AD320026D9B7 /* ErrorPopup.swift in Sources */,
				1FBB675C2D68ABEB002C60A2 /* NotificationResponseDTO.swift in Sources */,
				1FBB675D2D68ABEB002C60A2 /* RepeatTime.swift in Sources */,
				1FBB675F2D68ABEB002C60A2 /* ChallengeDTO.swift in Sources */,
				1FBB67612D68ABEB002C60A2 /* SideEffectRequestDTO.swift in Sources */,
				1FBB67622D68ABEB002C60A2 /* DailyByCountResponseDTO.swift in Sources */,
				1FBB67632D68ABEB002C60A2 /* ExpenditureRequestDTO.swift in Sources */,
				1FBB67642D68ABEB002C60A2 /* ChallengeCompleteRequestDTO.swift in Sources */,
				1FBB67662D68ABEB002C60A2 /* RecordRequestDTO.swift in Sources */,
				1F24491D2D719BC80026D9B7 /* HomeScreenModel.swift in Sources */,
				1FBB67672D68ABEB002C60A2 /* ChallengeNameRequestDTO.swift in Sources */,
				1FBB67682D68ABEB002C60A2 /* DailyWriteBody.swift in Sources */,
				1FBB676A2D68ABEB002C60A2 /* FcmRenewalRequest.swift in Sources */,
				1F2449292D75B43D0026D9B7 /* LoginHTTPClient.swift in Sources */,
				1FBB676B2D68ABEB002C60A2 /* ScheduleResponseDTO.swift in Sources */,
				1FBB676E2D68ABEB002C60A2 /* RepeatTimeResponseDTO.swift in Sources */,
				1F24490E2D707F100026D9B7 /* NotificationScreen.swift in Sources */,
				1FBB676F2D68ABEB002C60A2 /* DailyAllResponseDTO.swift in Sources */,
				1FBB67702D68ABEB002C60A2 /* SubsidyAvailable.swift in Sources */,
				1FBB67722D68ABEB002C60A2 /* DailyResponseDTO.swift in Sources */,
				1FBB67732D68ABEB002C60A2 /* DailyRequestDTO.swift in Sources */,
				1F9451E12D75CAC6007797D9 /* DailyHugListScreen.swift in Sources */,
				1FBB67742D68ABEB002C60A2 /* DailyIdBody.swift in Sources */,
				1FBB67782D68ABEB002C60A2 /* LedgerMemoRequestDTO.swift in Sources */,
				1FBB67792D68ABEB002C60A2 /* LedgerRequestDTO.swift in Sources */,
				1FBB677C2D68ABEB002C60A2 /* SubsidyResponseDTO.swift in Sources */,
				1FBB677E2D68ABEB002C60A2 /* RecordResponseDTO.swift in Sources */,
				1FBB677F2D68ABEB002C60A2 /* HomeRecordResponseDTO.swift in Sources */,
				1FBB67812D68ABEB002C60A2 /* LedgerResponseDTO.swift in Sources */,
				1FBB67832D68ABEB002C60A2 /* MedicalRecordResponseDTO.swift in Sources */,
				1FBB67842D68ABEB002C60A2 /* ChallengeCreateRequestDTO.swift in Sources */,
				1FBB67852D68ABEB002C60A2 /* SubsidyDetailResponseDTO.swift in Sources */,
				1FBB67862D68ABEB002C60A2 /* SubsidyRequestDTO.swift in Sources */,
				1FBB67872D68ABEB002C60A2 /* CheckInSameRecordResponseDTO.swift in Sources */,
				1FBB67882D68ABEB002C60A2 /* MyChallengeDTO.swift in Sources */,
				1FBB678B2D68ABEB002C60A2 /* ChallengeParticipantDTO.swift in Sources */,
				1FBB678C2D68ABEB002C60A2 /* ChallengeResponseDTO.swift in Sources */,
				1FBB678D2D68ABEB002C60A2 /* SideEffectResponseDTO.swift in Sources */,
				1FBB678E2D68ABEB002C60A2 /* LedgerDetailResponseDTO.swift in Sources */,
				1FBB67902D68ABEB002C60A2 /* CheckResponseDTO.swift in Sources */,
				1FBB67952D68ABEB002C60A2 /* ChallengeParticipantsDTO.swift in Sources */,
				1FBB67962D68ABEB002C60A2 /* HomeResponseDTO.swift in Sources */,
				1FBB67972D68ABEB002C60A2 /* LogoutWithdrawalResponseDTO.swift in Sources */,
				1FBB679A2D68ABEB002C60A2 /* MedicalRecordRequestDTO.swift in Sources */,
				1FBB679E2D68ABEB002C60A2 /* DailyReplyRequestDTO.swift in Sources */,
				1F89149E2D75FCB000AC6A5B /* dev.swift in Sources */,
				1F3DC3542CB50FAE00A72A52 /* MaxLengthModifier.swift in Sources */,
				1FF199DA2D36675D00FF3C17 /* HGCheckBox.swift in Sources */,
				1F0D930C2C36809500BB6ADD /* OnboardingAppBar.swift in Sources */,
				1F8B64C12CB3A9E400F61118 /* CountSelectView.swift in Sources */,
				1F24491B2D7163140026D9B7 /* LedgerModel.swift in Sources */,
				1F2449172D7158660026D9B7 /* HGHomeAppBar.swift in Sources */,
				1F8929342CE0FF2600DDF698 /* MyPageListCell.swift in Sources */,
				1FF199C82D36634200FF3C17 /* ComponentPreviewContainer.swift in Sources */,
				1F86E4A32D5DBED80042B256 /* MyPageModel.swift in Sources */,
				1FAE4ABB2CE1126E005C946B /* UINavigationController+Extensions.swift in Sources */,
				1FC4328B2C49732E00FE5834 /* OnboardingState.swift in Sources */,
				1F636C582D3DEA2C0026ABE4 /* SignUpFooter.swift in Sources */,
				1FF199DE2D37AA7000FF3C17 /* HGTagWithoutText.swift in Sources */,
				1FCD8F432CB52C6A00956BA0 /* SSNModel.swift in Sources */,
				1FD0D22A2CB4308B00F96E87 /* DailyHugScreen.swift in Sources */,
				1F3CA1EF2D6476270086FDB2 /* MyPageQuestionScreen.swift in Sources */,
				1FCEFF072D66B3E60063DA31 /* HGBlackToast.swift in Sources */,
				1F636C4C2D3D3F670026ABE4 /* SignUpModel.swift in Sources */,
				1F8B64C52CB3AA7200F61118 /* SignUpTitleText.swift in Sources */,
				1F3DC34F2CB5032200A72A52 /* SSNTextfieldStyle.swift in Sources */,
				1F656AF22CA979DE0035F81E /* TreatmentSelectView.swift in Sources */,
				1FE68CF42C5B528700CD43E4 /* HGAppBar.swift in Sources */,
				1F3F3CB42CE2E59D006D4EE7 /* TokenManager.swift in Sources */,
				1F24490A2D70671C0026D9B7 /* NotificationType.swift in Sources */,
				1FF199C42D36612A00FF3C17 /* HGTag.swift in Sources */,
				1F8D591C2C3B96CE00832F61 /* SplashScreen.swift in Sources */,
				1FD5D8782D1E41A9001D9C5B /* AgreementView.swift in Sources */,
				1F8D593B2C3B9FDA00832F61 /* CustomFonts.swift in Sources */,
				1FF199C62D3661E600FF3C17 /* HGHomeScheduleItem.swift in Sources */,
				1F4CE85E2D1E5B02005CB661 /* PermissionScreen.swift in Sources */,
				1F0D93082C367F5300BB6ADD /* OnboardingScreen.swift in Sources */,
				1F94774F2CE9E5AF00D947E1 /* SelectablePopup.swift in Sources */,
				1FA3EB832D36207E008C68DB /* HGEmptyScheduleItem.swift in Sources */,
				1FD0D2322CB437B600F96E87 /* CustomDateFormatter.swift in Sources */,
				1FA883F52CD9F5400022244D /* HTTPClient.swift in Sources */,
				1FD826102C3A7697003C295A /* OnboardingContent.swift in Sources */,
			);
			runOnlyForDeploymentPostprocessing = 0;
		};
/* End PBXSourcesBuildPhase section */

/* Begin XCBuildConfiguration section */
		1F0D92F92C365B6E00BB6ADD /* Debug */ = {
			isa = XCBuildConfiguration;
			buildSettings = {
				ALWAYS_SEARCH_USER_PATHS = NO;
				ASSETCATALOG_COMPILER_GENERATE_SWIFT_ASSET_SYMBOL_EXTENSIONS = YES;
				CLANG_ANALYZER_NONNULL = YES;
				CLANG_ANALYZER_NUMBER_OBJECT_CONVERSION = YES_AGGRESSIVE;
				CLANG_CXX_LANGUAGE_STANDARD = "gnu++20";
				CLANG_ENABLE_MODULES = YES;
				CLANG_ENABLE_OBJC_ARC = YES;
				CLANG_ENABLE_OBJC_WEAK = YES;
				CLANG_WARN_BLOCK_CAPTURE_AUTORELEASING = YES;
				CLANG_WARN_BOOL_CONVERSION = YES;
				CLANG_WARN_COMMA = YES;
				CLANG_WARN_CONSTANT_CONVERSION = YES;
				CLANG_WARN_DEPRECATED_OBJC_IMPLEMENTATIONS = YES;
				CLANG_WARN_DIRECT_OBJC_ISA_USAGE = YES_ERROR;
				CLANG_WARN_DOCUMENTATION_COMMENTS = YES;
				CLANG_WARN_EMPTY_BODY = YES;
				CLANG_WARN_ENUM_CONVERSION = YES;
				CLANG_WARN_INFINITE_RECURSION = YES;
				CLANG_WARN_INT_CONVERSION = YES;
				CLANG_WARN_NON_LITERAL_NULL_CONVERSION = YES;
				CLANG_WARN_OBJC_IMPLICIT_RETAIN_SELF = YES;
				CLANG_WARN_OBJC_LITERAL_CONVERSION = YES;
				CLANG_WARN_OBJC_ROOT_CLASS = YES_ERROR;
				CLANG_WARN_QUOTED_INCLUDE_IN_FRAMEWORK_HEADER = YES;
				CLANG_WARN_RANGE_LOOP_ANALYSIS = YES;
				CLANG_WARN_STRICT_PROTOTYPES = YES;
				CLANG_WARN_SUSPICIOUS_MOVE = YES;
				CLANG_WARN_UNGUARDED_AVAILABILITY = YES_AGGRESSIVE;
				CLANG_WARN_UNREACHABLE_CODE = YES;
				CLANG_WARN__DUPLICATE_METHOD_MATCH = YES;
				COPY_PHASE_STRIP = NO;
				DEBUG_INFORMATION_FORMAT = dwarf;
				ENABLE_STRICT_OBJC_MSGSEND = YES;
				ENABLE_TESTABILITY = YES;
				ENABLE_USER_SCRIPT_SANDBOXING = NO;
				GCC_C_LANGUAGE_STANDARD = gnu17;
				GCC_DYNAMIC_NO_PIC = NO;
				GCC_NO_COMMON_BLOCKS = YES;
				GCC_OPTIMIZATION_LEVEL = 0;
				GCC_PREPROCESSOR_DEFINITIONS = (
					"DEBUG=1",
					"$(inherited)",
				);
				GCC_WARN_64_TO_32_BIT_CONVERSION = YES;
				GCC_WARN_ABOUT_RETURN_TYPE = YES_ERROR;
				GCC_WARN_UNDECLARED_SELECTOR = YES;
				GCC_WARN_UNINITIALIZED_AUTOS = YES_AGGRESSIVE;
				GCC_WARN_UNUSED_FUNCTION = YES;
				GCC_WARN_UNUSED_VARIABLE = YES;
				IPHONEOS_DEPLOYMENT_TARGET = 17.5;
				LOCALIZATION_PREFERS_STRING_CATALOGS = YES;
				MTL_ENABLE_DEBUG_INFO = INCLUDE_SOURCE;
				MTL_FAST_MATH = YES;
				ONLY_ACTIVE_ARCH = YES;
				SDKROOT = iphoneos;
				SWIFT_ACTIVE_COMPILATION_CONDITIONS = "DEBUG $(inherited)";
				SWIFT_OPTIMIZATION_LEVEL = "-Onone";
			};
			name = Debug;
		};
		1F0D92FA2C365B6E00BB6ADD /* Release */ = {
			isa = XCBuildConfiguration;
			buildSettings = {
				ALWAYS_SEARCH_USER_PATHS = NO;
				ASSETCATALOG_COMPILER_GENERATE_SWIFT_ASSET_SYMBOL_EXTENSIONS = YES;
				CLANG_ANALYZER_NONNULL = YES;
				CLANG_ANALYZER_NUMBER_OBJECT_CONVERSION = YES_AGGRESSIVE;
				CLANG_CXX_LANGUAGE_STANDARD = "gnu++20";
				CLANG_ENABLE_MODULES = YES;
				CLANG_ENABLE_OBJC_ARC = YES;
				CLANG_ENABLE_OBJC_WEAK = YES;
				CLANG_WARN_BLOCK_CAPTURE_AUTORELEASING = YES;
				CLANG_WARN_BOOL_CONVERSION = YES;
				CLANG_WARN_COMMA = YES;
				CLANG_WARN_CONSTANT_CONVERSION = YES;
				CLANG_WARN_DEPRECATED_OBJC_IMPLEMENTATIONS = YES;
				CLANG_WARN_DIRECT_OBJC_ISA_USAGE = YES_ERROR;
				CLANG_WARN_DOCUMENTATION_COMMENTS = YES;
				CLANG_WARN_EMPTY_BODY = YES;
				CLANG_WARN_ENUM_CONVERSION = YES;
				CLANG_WARN_INFINITE_RECURSION = YES;
				CLANG_WARN_INT_CONVERSION = YES;
				CLANG_WARN_NON_LITERAL_NULL_CONVERSION = YES;
				CLANG_WARN_OBJC_IMPLICIT_RETAIN_SELF = YES;
				CLANG_WARN_OBJC_LITERAL_CONVERSION = YES;
				CLANG_WARN_OBJC_ROOT_CLASS = YES_ERROR;
				CLANG_WARN_QUOTED_INCLUDE_IN_FRAMEWORK_HEADER = YES;
				CLANG_WARN_RANGE_LOOP_ANALYSIS = YES;
				CLANG_WARN_STRICT_PROTOTYPES = YES;
				CLANG_WARN_SUSPICIOUS_MOVE = YES;
				CLANG_WARN_UNGUARDED_AVAILABILITY = YES_AGGRESSIVE;
				CLANG_WARN_UNREACHABLE_CODE = YES;
				CLANG_WARN__DUPLICATE_METHOD_MATCH = YES;
				COPY_PHASE_STRIP = NO;
				DEBUG_INFORMATION_FORMAT = "dwarf-with-dsym";
				ENABLE_NS_ASSERTIONS = NO;
				ENABLE_STRICT_OBJC_MSGSEND = YES;
				ENABLE_USER_SCRIPT_SANDBOXING = NO;
				GCC_C_LANGUAGE_STANDARD = gnu17;
				GCC_NO_COMMON_BLOCKS = YES;
				GCC_WARN_64_TO_32_BIT_CONVERSION = YES;
				GCC_WARN_ABOUT_RETURN_TYPE = YES_ERROR;
				GCC_WARN_UNDECLARED_SELECTOR = YES;
				GCC_WARN_UNINITIALIZED_AUTOS = YES_AGGRESSIVE;
				GCC_WARN_UNUSED_FUNCTION = YES;
				GCC_WARN_UNUSED_VARIABLE = YES;
				IPHONEOS_DEPLOYMENT_TARGET = 17.5;
				LOCALIZATION_PREFERS_STRING_CATALOGS = YES;
				MTL_ENABLE_DEBUG_INFO = NO;
				MTL_FAST_MATH = YES;
				SDKROOT = iphoneos;
				SWIFT_COMPILATION_MODE = wholemodule;
				VALIDATE_PRODUCT = YES;
			};
			name = Release;
		};
		1F0D92FC2C365B6E00BB6ADD /* Debug */ = {
			isa = XCBuildConfiguration;
			buildSettings = {
				ASSETCATALOG_COMPILER_APPICON_NAME = AppIcon;
				ASSETCATALOG_COMPILER_GLOBAL_ACCENT_COLOR_NAME = AccentColor;
				CODE_SIGN_STYLE = Automatic;
				CURRENT_PROJECT_VERSION = 1;
				DEVELOPMENT_ASSET_PATHS = "\"hugg/Preview Content\"";
				DEVELOPMENT_TEAM = SLJSFTZPUZ;
				ENABLE_PREVIEWS = YES;
				GENERATE_INFOPLIST_FILE = YES;
				INFOPLIST_FILE = hugg/Info.plist;
				INFOPLIST_KEY_CFBundleDisplayName = Hugg;
				INFOPLIST_KEY_UIApplicationSceneManifest_Generation = YES;
				INFOPLIST_KEY_UIApplicationSupportsIndirectInputEvents = YES;
				INFOPLIST_KEY_UILaunchScreen_Generation = YES;
				INFOPLIST_KEY_UISupportedInterfaceOrientations = UIInterfaceOrientationPortrait;
				INFOPLIST_KEY_UIUserInterfaceStyle = Light;
				LD_RUNPATH_SEARCH_PATHS = (
					"$(inherited)",
					"@executable_path/Frameworks",
				);
				MARKETING_VERSION = 1.0;
				PRODUCT_BUNDLE_IDENTIFIER = com.foregg.hugg;
				PRODUCT_NAME = "$(TARGET_NAME)";
				SUPPORTED_PLATFORMS = "iphoneos iphonesimulator";
				SUPPORTS_MACCATALYST = NO;
				SUPPORTS_MAC_DESIGNED_FOR_IPHONE_IPAD = NO;
				SUPPORTS_XR_DESIGNED_FOR_IPHONE_IPAD = NO;
				SWIFT_EMIT_LOC_STRINGS = YES;
				SWIFT_VERSION = 5.0;
				TARGETED_DEVICE_FAMILY = 1;
			};
			name = Debug;
		};
		1F0D92FD2C365B6E00BB6ADD /* Release */ = {
			isa = XCBuildConfiguration;
			buildSettings = {
				ASSETCATALOG_COMPILER_APPICON_NAME = AppIcon;
				ASSETCATALOG_COMPILER_GLOBAL_ACCENT_COLOR_NAME = AccentColor;
				CODE_SIGN_STYLE = Automatic;
				CURRENT_PROJECT_VERSION = 1;
				DEVELOPMENT_ASSET_PATHS = "\"hugg/Preview Content\"";
				DEVELOPMENT_TEAM = SLJSFTZPUZ;
				ENABLE_PREVIEWS = YES;
				GENERATE_INFOPLIST_FILE = YES;
				INFOPLIST_FILE = hugg/Info.plist;
				INFOPLIST_KEY_CFBundleDisplayName = Hugg;
				INFOPLIST_KEY_UIApplicationSceneManifest_Generation = YES;
				INFOPLIST_KEY_UIApplicationSupportsIndirectInputEvents = YES;
				INFOPLIST_KEY_UILaunchScreen_Generation = YES;
				INFOPLIST_KEY_UISupportedInterfaceOrientations = UIInterfaceOrientationPortrait;
				INFOPLIST_KEY_UIUserInterfaceStyle = Light;
				LD_RUNPATH_SEARCH_PATHS = (
					"$(inherited)",
					"@executable_path/Frameworks",
				);
				MARKETING_VERSION = 1.0;
				PRODUCT_BUNDLE_IDENTIFIER = com.foregg.hugg;
				PRODUCT_NAME = "$(TARGET_NAME)";
				SUPPORTED_PLATFORMS = "iphoneos iphonesimulator";
				SUPPORTS_MACCATALYST = NO;
				SUPPORTS_MAC_DESIGNED_FOR_IPHONE_IPAD = NO;
				SUPPORTS_XR_DESIGNED_FOR_IPHONE_IPAD = NO;
				SWIFT_EMIT_LOC_STRINGS = YES;
				SWIFT_VERSION = 5.0;
				TARGETED_DEVICE_FAMILY = 1;
			};
			name = Release;
		};
/* End XCBuildConfiguration section */

/* Begin XCConfigurationList section */
		1F0D92E82C365B6D00BB6ADD /* Build configuration list for PBXProject "hugg" */ = {
			isa = XCConfigurationList;
			buildConfigurations = (
				1F0D92F92C365B6E00BB6ADD /* Debug */,
				1F0D92FA2C365B6E00BB6ADD /* Release */,
			);
			defaultConfigurationIsVisible = 0;
			defaultConfigurationName = Release;
		};
		1F0D92FB2C365B6E00BB6ADD /* Build configuration list for PBXNativeTarget "hugg" */ = {
			isa = XCConfigurationList;
			buildConfigurations = (
				1F0D92FC2C365B6E00BB6ADD /* Debug */,
				1F0D92FD2C365B6E00BB6ADD /* Release */,
			);
			defaultConfigurationIsVisible = 0;
			defaultConfigurationName = Release;
		};
/* End XCConfigurationList section */

/* Begin XCRemoteSwiftPackageReference section */
		1F2449112D7151940026D9B7 /* XCRemoteSwiftPackageReference "lottie-spm" */ = {
			isa = XCRemoteSwiftPackageReference;
			repositoryURL = "https://github.com/airbnb/lottie-spm.git";
			requirement = {
				kind = upToNextMajorVersion;
				minimumVersion = 4.5.1;
			};
		};
		1F3F3CB52CE2EF7C006D4EE7 /* XCRemoteSwiftPackageReference "PopupView" */ = {
			isa = XCRemoteSwiftPackageReference;
			repositoryURL = "https://github.com/exyte/PopupView.git";
			requirement = {
				kind = upToNextMajorVersion;
				minimumVersion = 3.1.4;
			};
		};
		1F89292C2CE0D86100DDF698 /* XCRemoteSwiftPackageReference "kakao-ios-sdk" */ = {
			isa = XCRemoteSwiftPackageReference;
			repositoryURL = "https://github.com/kakao/kakao-ios-sdk";
			requirement = {
				branch = master;
				kind = branch;
			};
		};
/* End XCRemoteSwiftPackageReference section */

/* Begin XCSwiftPackageProductDependency section */
		1F2449122D7151940026D9B7 /* Lottie */ = {
			isa = XCSwiftPackageProductDependency;
			package = 1F2449112D7151940026D9B7 /* XCRemoteSwiftPackageReference "lottie-spm" */;
			productName = Lottie;
		};
		1F3F3CB62CE2EF7C006D4EE7 /* PopupView */ = {
			isa = XCSwiftPackageProductDependency;
			package = 1F3F3CB52CE2EF7C006D4EE7 /* XCRemoteSwiftPackageReference "PopupView" */;
			productName = PopupView;
		};
		1F89292D2CE0D86100DDF698 /* KakaoSDKAuth */ = {
			isa = XCSwiftPackageProductDependency;
			package = 1F89292C2CE0D86100DDF698 /* XCRemoteSwiftPackageReference "kakao-ios-sdk" */;
			productName = KakaoSDKAuth;
		};
		1F89292F2CE0D86100DDF698 /* KakaoSDKCommon */ = {
			isa = XCSwiftPackageProductDependency;
			package = 1F89292C2CE0D86100DDF698 /* XCRemoteSwiftPackageReference "kakao-ios-sdk" */;
			productName = KakaoSDKCommon;
		};
		1F8929312CE0D86100DDF698 /* KakaoSDKUser */ = {
			isa = XCSwiftPackageProductDependency;
			package = 1F89292C2CE0D86100DDF698 /* XCRemoteSwiftPackageReference "kakao-ios-sdk" */;
			productName = KakaoSDKUser;
		};
/* End XCSwiftPackageProductDependency section */
	};
	rootObject = 1F0D92E52C365B6D00BB6ADD /* Project object */;
}
