// !$*UTF8*$!
{
	archiveVersion = 1;
	classes = {
	};
	objectVersion = 56;
	objects = {

/* Begin PBXBuildFile section */
		1F032BB92C612A3500E8C64B /* SkeletonBox.swift in Sources */ = {isa = PBXBuildFile; fileRef = 1F032BB82C612A3500E8C64B /* SkeletonBox.swift */; };
		1F032BBD2C612B5B00E8C64B /* SignUpViewModel.swift in Sources */ = {isa = PBXBuildFile; fileRef = 1F032BBC2C612B5B00E8C64B /* SignUpViewModel.swift */; };
		1F0D92F12C365B6D00BB6ADD /* huggApp.swift in Sources */ = {isa = PBXBuildFile; fileRef = 1F0D92F02C365B6D00BB6ADD /* huggApp.swift */; };
		1F0D92F32C365B6D00BB6ADD /* ContentView.swift in Sources */ = {isa = PBXBuildFile; fileRef = 1F0D92F22C365B6D00BB6ADD /* ContentView.swift */; };
		1F0D92F52C365B6E00BB6ADD /* Assets.xcassets in Resources */ = {isa = PBXBuildFile; fileRef = 1F0D92F42C365B6E00BB6ADD /* Assets.xcassets */; };
		1F0D92F82C365B6E00BB6ADD /* Preview Assets.xcassets in Resources */ = {isa = PBXBuildFile; fileRef = 1F0D92F72C365B6E00BB6ADD /* Preview Assets.xcassets */; };
		1F0D93082C367F5300BB6ADD /* OnboardingScreen.swift in Sources */ = {isa = PBXBuildFile; fileRef = 1F0D93072C367F5300BB6ADD /* OnboardingScreen.swift */; };
		1F0D930C2C36809500BB6ADD /* OnboardingAppBar.swift in Sources */ = {isa = PBXBuildFile; fileRef = 1F0D930B2C36809500BB6ADD /* OnboardingAppBar.swift */; };
		1F0DD9392CD7534700708811 /* RecordType.swift in Sources */ = {isa = PBXBuildFile; fileRef = 1F0DD9382CD7534700708811 /* RecordType.swift */; };
		1F0DD93B2CD754CE00708811 /* UserHusbandJoinRequestDTO.swift in Sources */ = {isa = PBXBuildFile; fileRef = 1F0DD93A2CD754CE00708811 /* UserHusbandJoinRequestDTO.swift */; };
		1F31AFDE2C972BA100DBFB18 /* Counter.swift in Sources */ = {isa = PBXBuildFile; fileRef = 1F31AFDD2C972BA100DBFB18 /* Counter.swift */; };
		1F3DC34F2CB5032200A72A52 /* SSNTextfieldStyle.swift in Sources */ = {isa = PBXBuildFile; fileRef = 1F3DC34E2CB5032200A72A52 /* SSNTextfieldStyle.swift */; };
		1F3DC3542CB50FAE00A72A52 /* MaxLengthModifier.swift in Sources */ = {isa = PBXBuildFile; fileRef = 1F3DC3532CB50FAE00A72A52 /* MaxLengthModifier.swift */; };
		1F3DC3562CB50FCE00A72A52 /* TextField+Extension.swift in Sources */ = {isa = PBXBuildFile; fileRef = 1F3DC3552CB50FCE00A72A52 /* TextField+Extension.swift */; };
		1F603C6F2CBD06E100E5BF5D /* MyPageView.swift in Sources */ = {isa = PBXBuildFile; fileRef = 1F603C6E2CBD06E100E5BF5D /* MyPageView.swift */; };
		1F60E3352CBFAA2300543A22 /* MyPageBaseView.swift in Sources */ = {isa = PBXBuildFile; fileRef = 1F60E3342CBFAA2300543A22 /* MyPageBaseView.swift */; };
		1F656AEE2CA96FD90035F81E /* UserJoinRequestDTO.swift in Sources */ = {isa = PBXBuildFile; fileRef = 1F656AED2CA96FD90035F81E /* UserJoinRequestDTO.swift */; };
		1F656AF22CA979DE0035F81E /* TreatmentSelectView.swift in Sources */ = {isa = PBXBuildFile; fileRef = 1F656AF12CA979DE0035F81E /* TreatmentSelectView.swift */; };
		1F6813CD2CDDEB60002B8481 /* HomeResponseDTO.swift in Sources */ = {isa = PBXBuildFile; fileRef = 1F6813CC2CDDEB5C002B8481 /* HomeResponseDTO.swift */; };
		1F6813CF2CDDEB76002B8481 /* HomeRecordResponseDTO.swift in Sources */ = {isa = PBXBuildFile; fileRef = 1F6813CE2CDDEB6D002B8481 /* HomeRecordResponseDTO.swift */; };
		1F692CE12CB4FEA400BAEEBE /* EnterSSNView.swift in Sources */ = {isa = PBXBuildFile; fileRef = 1F692CE02CB4FEA400BAEEBE /* EnterSSNView.swift */; };
		1F8B64C12CB3A9E400F61118 /* RoundSelectView.swift in Sources */ = {isa = PBXBuildFile; fileRef = 1F8B64C02CB3A9E400F61118 /* RoundSelectView.swift */; };
		1F8B64C52CB3AA7200F61118 /* SignUpTitleText.swift in Sources */ = {isa = PBXBuildFile; fileRef = 1F8B64C42CB3AA7200F61118 /* SignUpTitleText.swift */; };
		1F8D591A2C3B956500832F61 /* MainScreen.swift in Sources */ = {isa = PBXBuildFile; fileRef = 1F8D59192C3B956500832F61 /* MainScreen.swift */; };
		1F8D591C2C3B96CE00832F61 /* SplashScreen.swift in Sources */ = {isa = PBXBuildFile; fileRef = 1F8D591B2C3B96CE00832F61 /* SplashScreen.swift */; };
		1F8D59282C3B9D0200832F61 /* Pretendard-SemiBold.otf in Resources */ = {isa = PBXBuildFile; fileRef = 1F8D591F2C3B9D0100832F61 /* Pretendard-SemiBold.otf */; };
		1F8D59292C3B9D0200832F61 /* Pretendard-ExtraBold.otf in Resources */ = {isa = PBXBuildFile; fileRef = 1F8D59202C3B9D0100832F61 /* Pretendard-ExtraBold.otf */; };
		1F8D592A2C3B9D0200832F61 /* Pretendard-Thin.otf in Resources */ = {isa = PBXBuildFile; fileRef = 1F8D59212C3B9D0100832F61 /* Pretendard-Thin.otf */; };
		1F8D592B2C3B9D0200832F61 /* Pretendard-Light.otf in Resources */ = {isa = PBXBuildFile; fileRef = 1F8D59222C3B9D0100832F61 /* Pretendard-Light.otf */; };
		1F8D592C2C3B9D0200832F61 /* Pretendard-Bold.otf in Resources */ = {isa = PBXBuildFile; fileRef = 1F8D59232C3B9D0100832F61 /* Pretendard-Bold.otf */; };
		1F8D592D2C3B9D0200832F61 /* Pretendard-Medium.otf in Resources */ = {isa = PBXBuildFile; fileRef = 1F8D59242C3B9D0100832F61 /* Pretendard-Medium.otf */; };
		1F8D592E2C3B9D0200832F61 /* Pretendard-ExtraLight.otf in Resources */ = {isa = PBXBuildFile; fileRef = 1F8D59252C3B9D0200832F61 /* Pretendard-ExtraLight.otf */; };
		1F8D592F2C3B9D0200832F61 /* Pretendard-Regular.otf in Resources */ = {isa = PBXBuildFile; fileRef = 1F8D59262C3B9D0200832F61 /* Pretendard-Regular.otf */; };
		1F8D59302C3B9D0200832F61 /* Pretendard-Black.otf in Resources */ = {isa = PBXBuildFile; fileRef = 1F8D59272C3B9D0200832F61 /* Pretendard-Black.otf */; };
		1F8D59352C3B9D7700832F61 /* GmarketSansLight.otf in Resources */ = {isa = PBXBuildFile; fileRef = 1F8D59322C3B9D7700832F61 /* GmarketSansLight.otf */; };
		1F8D59362C3B9D7700832F61 /* GmarketSansMedium.otf in Resources */ = {isa = PBXBuildFile; fileRef = 1F8D59332C3B9D7700832F61 /* GmarketSansMedium.otf */; };
		1F8D59372C3B9D7700832F61 /* GmarketSansBold.otf in Resources */ = {isa = PBXBuildFile; fileRef = 1F8D59342C3B9D7700832F61 /* GmarketSansBold.otf */; };
		1F8D593B2C3B9FDA00832F61 /* CustomFonts.swift in Sources */ = {isa = PBXBuildFile; fileRef = 1F8D593A2C3B9FDA00832F61 /* CustomFonts.swift */; };
		1F99A7E62CC4DB4B00779628 /* HomeView.swift in Sources */ = {isa = PBXBuildFile; fileRef = 1F99A7E52CC4DB4B00779628 /* HomeView.swift */; };
		1FA645F02CB3EA3F00419660 /* AnyTransition+Extension.swift in Sources */ = {isa = PBXBuildFile; fileRef = 1FA645EF2CB3EA3F00419660 /* AnyTransition+Extension.swift */; };
		1FA883F52CD9F5400022244D /* HTTPClient.swift in Sources */ = {isa = PBXBuildFile; fileRef = 1FA883F42CD9F5400022244D /* HTTPClient.swift */; };
		1FA883F82CD9F5600022244D /* AppState.swift in Sources */ = {isa = PBXBuildFile; fileRef = 1FA883F72CD9F5600022244D /* AppState.swift */; };
		1FA883FB2CD9F6930022244D /* PreviewContainer.swift in Sources */ = {isa = PBXBuildFile; fileRef = 1FA883FA2CD9F6930022244D /* PreviewContainer.swift */; };
		1FB8AE942CAD60A0003BDC9C /* NoTapAnimationStyle.swift in Sources */ = {isa = PBXBuildFile; fileRef = 1FB8AE932CAD60A0003BDC9C /* NoTapAnimationStyle.swift */; };
		1FC4328B2C49732E00FE5834 /* OnboardingViewModel.swift in Sources */ = {isa = PBXBuildFile; fileRef = 1FC4328A2C49732E00FE5834 /* OnboardingViewModel.swift */; };
		1FCD8F432CB52C6A00956BA0 /* SSNModel.swift in Sources */ = {isa = PBXBuildFile; fileRef = 1FCD8F422CB52C6A00956BA0 /* SSNModel.swift */; };
		1FD0D22A2CB4308B00F96E87 /* DailyHugView.swift in Sources */ = {isa = PBXBuildFile; fileRef = 1FD0D2292CB4308B00F96E87 /* DailyHugView.swift */; };
		1FD0D2302CB433A200F96E87 /* SurgeryType.swift in Sources */ = {isa = PBXBuildFile; fileRef = 1FD0D22F2CB433A200F96E87 /* SurgeryType.swift */; };
		1FD0D2322CB437B600F96E87 /* CustomDateFormatter.swift in Sources */ = {isa = PBXBuildFile; fileRef = 1FD0D2312CB437B600F96E87 /* CustomDateFormatter.swift */; };
		1FD826102C3A7697003C295A /* OnboardingContent.swift in Sources */ = {isa = PBXBuildFile; fileRef = 1FD8260F2C3A7697003C295A /* OnboardingContent.swift */; };
		1FE68CF22C5B522200CD43E4 /* SignUpScreen.swift in Sources */ = {isa = PBXBuildFile; fileRef = 1FE68CF12C5B522200CD43E4 /* SignUpScreen.swift */; };
		1FE68CF42C5B528700CD43E4 /* AppBar.swift in Sources */ = {isa = PBXBuildFile; fileRef = 1FE68CF32C5B528700CD43E4 /* AppBar.swift */; };
		1FEAF02F2C4986F5004C0EE1 /* MainViewModel.swift in Sources */ = {isa = PBXBuildFile; fileRef = 1FEAF02E2C4986F5004C0EE1 /* MainViewModel.swift */; };
		1FF22A792C3AD7C200367518 /* OnBoardingModel.swift in Sources */ = {isa = PBXBuildFile; fileRef = 1FF22A782C3AD7C200367518 /* OnBoardingModel.swift */; };
		1FF22A7C2C3AD87000367518 /* BorderedButton.swift in Sources */ = {isa = PBXBuildFile; fileRef = 1FF22A7B2C3AD87000367518 /* BorderedButton.swift */; };
		1FF22A7E2C3ADFA000367518 /* MainButton.swift in Sources */ = {isa = PBXBuildFile; fileRef = 1FF22A7D2C3ADFA000367518 /* MainButton.swift */; };
		1FFD020A2CB402B600020AF4 /* SelectStartDateView.swift in Sources */ = {isa = PBXBuildFile; fileRef = 1FFD02092CB402B600020AF4 /* SelectStartDateView.swift */; };
		1FFD020C2CB40ABB00020AF4 /* WifeShareCodeView.swift in Sources */ = {isa = PBXBuildFile; fileRef = 1FFD020B2CB40ABB00020AF4 /* WifeShareCodeView.swift */; };
		1FFD020F2CB41AA900020AF4 /* CalendarScreen.swift in Sources */ = {isa = PBXBuildFile; fileRef = 1FFD020E2CB41AA900020AF4 /* CalendarScreen.swift */; };
/* End PBXBuildFile section */

/* Begin PBXFileReference section */
		1F032BB82C612A3500E8C64B /* SkeletonBox.swift */ = {isa = PBXFileReference; lastKnownFileType = sourcecode.swift; path = SkeletonBox.swift; sourceTree = "<group>"; };
		1F032BBC2C612B5B00E8C64B /* SignUpViewModel.swift */ = {isa = PBXFileReference; lastKnownFileType = sourcecode.swift; path = SignUpViewModel.swift; sourceTree = "<group>"; };
		1F0D92ED2C365B6D00BB6ADD /* hugg.app */ = {isa = PBXFileReference; explicitFileType = wrapper.application; includeInIndex = 0; path = hugg.app; sourceTree = BUILT_PRODUCTS_DIR; };
		1F0D92F02C365B6D00BB6ADD /* huggApp.swift */ = {isa = PBXFileReference; lastKnownFileType = sourcecode.swift; path = huggApp.swift; sourceTree = "<group>"; };
		1F0D92F22C365B6D00BB6ADD /* ContentView.swift */ = {isa = PBXFileReference; lastKnownFileType = sourcecode.swift; path = ContentView.swift; sourceTree = "<group>"; };
		1F0D92F42C365B6E00BB6ADD /* Assets.xcassets */ = {isa = PBXFileReference; lastKnownFileType = folder.assetcatalog; path = Assets.xcassets; sourceTree = "<group>"; };
		1F0D92F72C365B6E00BB6ADD /* Preview Assets.xcassets */ = {isa = PBXFileReference; lastKnownFileType = folder.assetcatalog; path = "Preview Assets.xcassets"; sourceTree = "<group>"; };
		1F0D93072C367F5300BB6ADD /* OnboardingScreen.swift */ = {isa = PBXFileReference; lastKnownFileType = sourcecode.swift; path = OnboardingScreen.swift; sourceTree = "<group>"; };
		1F0D930B2C36809500BB6ADD /* OnboardingAppBar.swift */ = {isa = PBXFileReference; lastKnownFileType = sourcecode.swift; path = OnboardingAppBar.swift; sourceTree = "<group>"; };
		1F0DD9382CD7534700708811 /* RecordType.swift */ = {isa = PBXFileReference; lastKnownFileType = sourcecode.swift; path = RecordType.swift; sourceTree = "<group>"; };
		1F0DD93A2CD754CE00708811 /* UserHusbandJoinRequestDTO.swift */ = {isa = PBXFileReference; lastKnownFileType = sourcecode.swift; path = UserHusbandJoinRequestDTO.swift; sourceTree = "<group>"; };
		1F31AFDD2C972BA100DBFB18 /* Counter.swift */ = {isa = PBXFileReference; lastKnownFileType = sourcecode.swift; path = Counter.swift; sourceTree = "<group>"; };
		1F3DC34E2CB5032200A72A52 /* SSNTextfieldStyle.swift */ = {isa = PBXFileReference; lastKnownFileType = sourcecode.swift; path = SSNTextfieldStyle.swift; sourceTree = "<group>"; };
		1F3DC3532CB50FAE00A72A52 /* MaxLengthModifier.swift */ = {isa = PBXFileReference; lastKnownFileType = sourcecode.swift; path = MaxLengthModifier.swift; sourceTree = "<group>"; };
		1F3DC3552CB50FCE00A72A52 /* TextField+Extension.swift */ = {isa = PBXFileReference; lastKnownFileType = sourcecode.swift; path = "TextField+Extension.swift"; sourceTree = "<group>"; };
		1F603C6E2CBD06E100E5BF5D /* MyPageView.swift */ = {isa = PBXFileReference; lastKnownFileType = sourcecode.swift; path = MyPageView.swift; sourceTree = "<group>"; };
		1F60E3342CBFAA2300543A22 /* MyPageBaseView.swift */ = {isa = PBXFileReference; lastKnownFileType = sourcecode.swift; path = MyPageBaseView.swift; sourceTree = "<group>"; };
		1F656AED2CA96FD90035F81E /* UserJoinRequestDTO.swift */ = {isa = PBXFileReference; lastKnownFileType = sourcecode.swift; path = UserJoinRequestDTO.swift; sourceTree = "<group>"; };
		1F656AF12CA979DE0035F81E /* TreatmentSelectView.swift */ = {isa = PBXFileReference; lastKnownFileType = sourcecode.swift; path = TreatmentSelectView.swift; sourceTree = "<group>"; };
		1F6813CC2CDDEB5C002B8481 /* HomeResponseDTO.swift */ = {isa = PBXFileReference; lastKnownFileType = sourcecode.swift; path = HomeResponseDTO.swift; sourceTree = "<group>"; };
		1F6813CE2CDDEB6D002B8481 /* HomeRecordResponseDTO.swift */ = {isa = PBXFileReference; lastKnownFileType = sourcecode.swift; path = HomeRecordResponseDTO.swift; sourceTree = "<group>"; };
		1F692CE02CB4FEA400BAEEBE /* EnterSSNView.swift */ = {isa = PBXFileReference; lastKnownFileType = sourcecode.swift; path = EnterSSNView.swift; sourceTree = "<group>"; };
		1F8B64C02CB3A9E400F61118 /* RoundSelectView.swift */ = {isa = PBXFileReference; lastKnownFileType = sourcecode.swift; path = RoundSelectView.swift; sourceTree = "<group>"; };
		1F8B64C42CB3AA7200F61118 /* SignUpTitleText.swift */ = {isa = PBXFileReference; lastKnownFileType = sourcecode.swift; path = SignUpTitleText.swift; sourceTree = "<group>"; };
		1F8D59192C3B956500832F61 /* MainScreen.swift */ = {isa = PBXFileReference; lastKnownFileType = sourcecode.swift; path = MainScreen.swift; sourceTree = "<group>"; };
		1F8D591B2C3B96CE00832F61 /* SplashScreen.swift */ = {isa = PBXFileReference; lastKnownFileType = sourcecode.swift; path = SplashScreen.swift; sourceTree = "<group>"; };
		1F8D591F2C3B9D0100832F61 /* Pretendard-SemiBold.otf */ = {isa = PBXFileReference; lastKnownFileType = file; path = "Pretendard-SemiBold.otf"; sourceTree = "<group>"; };
		1F8D59202C3B9D0100832F61 /* Pretendard-ExtraBold.otf */ = {isa = PBXFileReference; lastKnownFileType = file; path = "Pretendard-ExtraBold.otf"; sourceTree = "<group>"; };
		1F8D59212C3B9D0100832F61 /* Pretendard-Thin.otf */ = {isa = PBXFileReference; lastKnownFileType = file; path = "Pretendard-Thin.otf"; sourceTree = "<group>"; };
		1F8D59222C3B9D0100832F61 /* Pretendard-Light.otf */ = {isa = PBXFileReference; lastKnownFileType = file; path = "Pretendard-Light.otf"; sourceTree = "<group>"; };
		1F8D59232C3B9D0100832F61 /* Pretendard-Bold.otf */ = {isa = PBXFileReference; lastKnownFileType = file; path = "Pretendard-Bold.otf"; sourceTree = "<group>"; };
		1F8D59242C3B9D0100832F61 /* Pretendard-Medium.otf */ = {isa = PBXFileReference; lastKnownFileType = file; path = "Pretendard-Medium.otf"; sourceTree = "<group>"; };
		1F8D59252C3B9D0200832F61 /* Pretendard-ExtraLight.otf */ = {isa = PBXFileReference; lastKnownFileType = file; path = "Pretendard-ExtraLight.otf"; sourceTree = "<group>"; };
		1F8D59262C3B9D0200832F61 /* Pretendard-Regular.otf */ = {isa = PBXFileReference; lastKnownFileType = file; path = "Pretendard-Regular.otf"; sourceTree = "<group>"; };
		1F8D59272C3B9D0200832F61 /* Pretendard-Black.otf */ = {isa = PBXFileReference; lastKnownFileType = file; path = "Pretendard-Black.otf"; sourceTree = "<group>"; };
		1F8D59322C3B9D7700832F61 /* GmarketSansLight.otf */ = {isa = PBXFileReference; lastKnownFileType = file; path = GmarketSansLight.otf; sourceTree = "<group>"; };
		1F8D59332C3B9D7700832F61 /* GmarketSansMedium.otf */ = {isa = PBXFileReference; lastKnownFileType = file; path = GmarketSansMedium.otf; sourceTree = "<group>"; };
		1F8D59342C3B9D7700832F61 /* GmarketSansBold.otf */ = {isa = PBXFileReference; lastKnownFileType = file; path = GmarketSansBold.otf; sourceTree = "<group>"; };
		1F8D59382C3B9EB700832F61 /* Info.plist */ = {isa = PBXFileReference; lastKnownFileType = text.plist; path = Info.plist; sourceTree = "<group>"; };
		1F8D593A2C3B9FDA00832F61 /* CustomFonts.swift */ = {isa = PBXFileReference; lastKnownFileType = sourcecode.swift; path = CustomFonts.swift; sourceTree = "<group>"; };
		1F99A7E52CC4DB4B00779628 /* HomeView.swift */ = {isa = PBXFileReference; lastKnownFileType = sourcecode.swift; path = HomeView.swift; sourceTree = "<group>"; };
		1FA645EF2CB3EA3F00419660 /* AnyTransition+Extension.swift */ = {isa = PBXFileReference; lastKnownFileType = sourcecode.swift; path = "AnyTransition+Extension.swift"; sourceTree = "<group>"; };
		1FA883F42CD9F5400022244D /* HTTPClient.swift */ = {isa = PBXFileReference; lastKnownFileType = sourcecode.swift; path = HTTPClient.swift; sourceTree = "<group>"; };
		1FA883F72CD9F5600022244D /* AppState.swift */ = {isa = PBXFileReference; lastKnownFileType = sourcecode.swift; path = AppState.swift; sourceTree = "<group>"; };
		1FA883FA2CD9F6930022244D /* PreviewContainer.swift */ = {isa = PBXFileReference; lastKnownFileType = sourcecode.swift; path = PreviewContainer.swift; sourceTree = "<group>"; };
		1FB8AE932CAD60A0003BDC9C /* NoTapAnimationStyle.swift */ = {isa = PBXFileReference; lastKnownFileType = sourcecode.swift; path = NoTapAnimationStyle.swift; sourceTree = "<group>"; };
		1FC4328A2C49732E00FE5834 /* OnboardingViewModel.swift */ = {isa = PBXFileReference; lastKnownFileType = sourcecode.swift; path = OnboardingViewModel.swift; sourceTree = "<group>"; };
		1FCD8F422CB52C6A00956BA0 /* SSNModel.swift */ = {isa = PBXFileReference; lastKnownFileType = sourcecode.swift; path = SSNModel.swift; sourceTree = "<group>"; };
		1FD0D2292CB4308B00F96E87 /* DailyHugView.swift */ = {isa = PBXFileReference; lastKnownFileType = sourcecode.swift; path = DailyHugView.swift; sourceTree = "<group>"; };
		1FD0D22F2CB433A200F96E87 /* SurgeryType.swift */ = {isa = PBXFileReference; lastKnownFileType = sourcecode.swift; path = SurgeryType.swift; sourceTree = "<group>"; };
		1FD0D2312CB437B600F96E87 /* CustomDateFormatter.swift */ = {isa = PBXFileReference; lastKnownFileType = sourcecode.swift; path = CustomDateFormatter.swift; sourceTree = "<group>"; };
		1FD8260F2C3A7697003C295A /* OnboardingContent.swift */ = {isa = PBXFileReference; lastKnownFileType = sourcecode.swift; path = OnboardingContent.swift; sourceTree = "<group>"; };
		1FD826112C3A779A003C295A /* README.md */ = {isa = PBXFileReference; lastKnownFileType = net.daringfireball.markdown; path = README.md; sourceTree = "<group>"; };
		1FE68CF12C5B522200CD43E4 /* SignUpScreen.swift */ = {isa = PBXFileReference; lastKnownFileType = sourcecode.swift; path = SignUpScreen.swift; sourceTree = "<group>"; };
		1FE68CF32C5B528700CD43E4 /* AppBar.swift */ = {isa = PBXFileReference; lastKnownFileType = sourcecode.swift; path = AppBar.swift; sourceTree = "<group>"; };
		1FEAF02E2C4986F5004C0EE1 /* MainViewModel.swift */ = {isa = PBXFileReference; lastKnownFileType = sourcecode.swift; path = MainViewModel.swift; sourceTree = "<group>"; };
		1FF22A782C3AD7C200367518 /* OnBoardingModel.swift */ = {isa = PBXFileReference; lastKnownFileType = sourcecode.swift; path = OnBoardingModel.swift; sourceTree = "<group>"; };
		1FF22A7B2C3AD87000367518 /* BorderedButton.swift */ = {isa = PBXFileReference; lastKnownFileType = sourcecode.swift; path = BorderedButton.swift; sourceTree = "<group>"; };
		1FF22A7D2C3ADFA000367518 /* MainButton.swift */ = {isa = PBXFileReference; lastKnownFileType = sourcecode.swift; path = MainButton.swift; sourceTree = "<group>"; };
		1FFD02092CB402B600020AF4 /* SelectStartDateView.swift */ = {isa = PBXFileReference; lastKnownFileType = sourcecode.swift; path = SelectStartDateView.swift; sourceTree = "<group>"; };
		1FFD020B2CB40ABB00020AF4 /* WifeShareCodeView.swift */ = {isa = PBXFileReference; lastKnownFileType = sourcecode.swift; path = WifeShareCodeView.swift; sourceTree = "<group>"; };
		1FFD020E2CB41AA900020AF4 /* CalendarScreen.swift */ = {isa = PBXFileReference; lastKnownFileType = sourcecode.swift; path = CalendarScreen.swift; sourceTree = "<group>"; };
/* End PBXFileReference section */

/* Begin PBXFrameworksBuildPhase section */
		1F0D92EA2C365B6D00BB6ADD /* Frameworks */ = {
			isa = PBXFrameworksBuildPhase;
			buildActionMask = 2147483647;
			files = (
			);
			runOnlyForDeploymentPostprocessing = 0;
		};
/* End PBXFrameworksBuildPhase section */

/* Begin PBXGroup section */
		1F0D92E42C365B6D00BB6ADD = {
			isa = PBXGroup;
			children = (
				1F0D92EF2C365B6D00BB6ADD /* hugg */,
				1F0D92EE2C365B6D00BB6ADD /* Products */,
			);
			sourceTree = "<group>";
		};
		1F0D92EE2C365B6D00BB6ADD /* Products */ = {
			isa = PBXGroup;
			children = (
				1F0D92ED2C365B6D00BB6ADD /* hugg.app */,
			);
			name = Products;
			sourceTree = "<group>";
		};
		1F0D92EF2C365B6D00BB6ADD /* hugg */ = {
			isa = PBXGroup;
			children = (
				1F8D59392C3B9FC800832F61 /* Utils */,
				1F8D59382C3B9EB700832F61 /* Info.plist */,
				1F8D591D2C3B9C5B00832F61 /* Resources */,
				1F0D93012C3664B800BB6ADD /* Clients */,
				1F0D93002C365DD600BB6ADD /* VIewModels */,
				1F0D92FF2C365DCF00BB6ADD /* Views */,
				1F0D92FE2C365DC500BB6ADD /* Models */,
				1F0D92F02C365B6D00BB6ADD /* huggApp.swift */,
				1F0D92F42C365B6E00BB6ADD /* Assets.xcassets */,
				1F0D92F62C365B6E00BB6ADD /* Preview Content */,
				1FD826112C3A779A003C295A /* README.md */,
			);
			path = hugg;
			sourceTree = "<group>";
		};
		1F0D92F62C365B6E00BB6ADD /* Preview Content */ = {
			isa = PBXGroup;
			children = (
				1F0D92F72C365B6E00BB6ADD /* Preview Assets.xcassets */,
			);
			path = "Preview Content";
			sourceTree = "<group>";
		};
		1F0D92FE2C365DC500BB6ADD /* Models */ = {
			isa = PBXGroup;
			children = (
				1FA883F62CD9F5570022244D /* States */,
				1FD0D22D2CB4332600F96E87 /* Enums */,
				1FD0D22C2CB432E500F96E87 /* Entity */,
				1FD0D22B2CB432D700F96E87 /* DTO */,
			);
			path = Models;
			sourceTree = "<group>";
		};
		1F0D92FF2C365DCF00BB6ADD /* Views */ = {
			isa = PBXGroup;
			children = (
				1FA883F92CD9F6860022244D /* Previews */,
				1F99A7E42CC4DB2900779628 /* Home */,
				1FD0D2272CB42F7600F96E87 /* MyPage */,
				1FD0D2262CB42F7100F96E87 /* Daily */,
				1FD0D2252CB42F1700F96E87 /* Ledger */,
				1FFD020D2CB41A9200020AF4 /* Calendar */,
				1FB8AE922CAD6087003BDC9C /* Styles */,
				1FE68CF02C5B520100CD43E4 /* SignIn */,
				1F0D93092C36808100BB6ADD /* Common */,
				1F0D92F22C365B6D00BB6ADD /* ContentView.swift */,
				1F0D93072C367F5300BB6ADD /* OnboardingScreen.swift */,
				1F8D59192C3B956500832F61 /* MainScreen.swift */,
				1F8D591B2C3B96CE00832F61 /* SplashScreen.swift */,
			);
			path = Views;
			sourceTree = "<group>";
		};
		1F0D93002C365DD600BB6ADD /* VIewModels */ = {
			isa = PBXGroup;
			children = (
				1FC4328A2C49732E00FE5834 /* OnboardingViewModel.swift */,
				1FEAF02E2C4986F5004C0EE1 /* MainViewModel.swift */,
				1F032BBC2C612B5B00E8C64B /* SignUpViewModel.swift */,
			);
			path = VIewModels;
			sourceTree = "<group>";
		};
		1F0D93012C3664B800BB6ADD /* Clients */ = {
			isa = PBXGroup;
			children = (
				1FA883F42CD9F5400022244D /* HTTPClient.swift */,
			);
			path = Clients;
			sourceTree = "<group>";
		};
		1F0D93092C36808100BB6ADD /* Common */ = {
			isa = PBXGroup;
			children = (
				1F8B64C32CB3AA4F00F61118 /* CustomText */,
				1F31AFDC2C972B3500DBFB18 /* Dialog */,
				1FF22A7A2C3AD85700367518 /* Common */,
				1FEAF0302C498843004C0EE1 /* Home */,
				1F0D930A2C36808900BB6ADD /* Onboarding */,
			);
			path = Common;
			sourceTree = "<group>";
		};
		1F0D930A2C36808900BB6ADD /* Onboarding */ = {
			isa = PBXGroup;
			children = (
				1F0D930B2C36809500BB6ADD /* OnboardingAppBar.swift */,
				1FD8260F2C3A7697003C295A /* OnboardingContent.swift */,
			);
			path = Onboarding;
			sourceTree = "<group>";
		};
		1F31AFDC2C972B3500DBFB18 /* Dialog */ = {
			isa = PBXGroup;
			children = (
			);
			path = Dialog;
			sourceTree = "<group>";
		};
		1F3DC3522CB50F9D00A72A52 /* Modifiers */ = {
			isa = PBXGroup;
			children = (
				1F3DC3532CB50FAE00A72A52 /* MaxLengthModifier.swift */,
			);
			path = Modifiers;
			sourceTree = "<group>";
		};
		1F8B64C32CB3AA4F00F61118 /* CustomText */ = {
			isa = PBXGroup;
			children = (
				1F8B64C42CB3AA7200F61118 /* SignUpTitleText.swift */,
			);
			path = CustomText;
			sourceTree = "<group>";
		};
		1F8D591D2C3B9C5B00832F61 /* Resources */ = {
			isa = PBXGroup;
			children = (
				1F8D59312C3B9D6300832F61 /* Gmarket */,
				1F8D591E2C3B9CED00832F61 /* Pretendard */,
			);
			path = Resources;
			sourceTree = "<group>";
		};
		1F8D591E2C3B9CED00832F61 /* Pretendard */ = {
			isa = PBXGroup;
			children = (
				1F8D59272C3B9D0200832F61 /* Pretendard-Black.otf */,
				1F8D59232C3B9D0100832F61 /* Pretendard-Bold.otf */,
				1F8D59202C3B9D0100832F61 /* Pretendard-ExtraBold.otf */,
				1F8D59252C3B9D0200832F61 /* Pretendard-ExtraLight.otf */,
				1F8D59222C3B9D0100832F61 /* Pretendard-Light.otf */,
				1F8D59242C3B9D0100832F61 /* Pretendard-Medium.otf */,
				1F8D59262C3B9D0200832F61 /* Pretendard-Regular.otf */,
				1F8D591F2C3B9D0100832F61 /* Pretendard-SemiBold.otf */,
				1F8D59212C3B9D0100832F61 /* Pretendard-Thin.otf */,
			);
			path = Pretendard;
			sourceTree = "<group>";
		};
		1F8D59312C3B9D6300832F61 /* Gmarket */ = {
			isa = PBXGroup;
			children = (
				1F8D59342C3B9D7700832F61 /* GmarketSansBold.otf */,
				1F8D59322C3B9D7700832F61 /* GmarketSansLight.otf */,
				1F8D59332C3B9D7700832F61 /* GmarketSansMedium.otf */,
			);
			path = Gmarket;
			sourceTree = "<group>";
		};
		1F8D59392C3B9FC800832F61 /* Utils */ = {
			isa = PBXGroup;
			children = (
				1F3DC3522CB50F9D00A72A52 /* Modifiers */,
				1FA645EE2CB3EA1B00419660 /* Extensions */,
				1F8D593A2C3B9FDA00832F61 /* CustomFonts.swift */,
				1FD0D2312CB437B600F96E87 /* CustomDateFormatter.swift */,
			);
			path = Utils;
			sourceTree = "<group>";
		};
		1F99A7E42CC4DB2900779628 /* Home */ = {
			isa = PBXGroup;
			children = (
				1F99A7E52CC4DB4B00779628 /* HomeView.swift */,
			);
			path = Home;
			sourceTree = "<group>";
		};
		1FA645EE2CB3EA1B00419660 /* Extensions */ = {
			isa = PBXGroup;
			children = (
				1FA645EF2CB3EA3F00419660 /* AnyTransition+Extension.swift */,
				1F3DC3552CB50FCE00A72A52 /* TextField+Extension.swift */,
			);
			path = Extensions;
			sourceTree = "<group>";
		};
		1FA883F62CD9F5570022244D /* States */ = {
			isa = PBXGroup;
			children = (
				1FA883F72CD9F5600022244D /* AppState.swift */,
			);
			path = States;
			sourceTree = "<group>";
		};
		1FA883F92CD9F6860022244D /* Previews */ = {
			isa = PBXGroup;
			children = (
				1FA883FA2CD9F6930022244D /* PreviewContainer.swift */,
			);
			path = Previews;
			sourceTree = "<group>";
		};
		1FB8AE922CAD6087003BDC9C /* Styles */ = {
			isa = PBXGroup;
			children = (
				1FB8AE932CAD60A0003BDC9C /* NoTapAnimationStyle.swift */,
				1F3DC34E2CB5032200A72A52 /* SSNTextfieldStyle.swift */,
			);
			path = Styles;
			sourceTree = "<group>";
		};
		1FD0D2252CB42F1700F96E87 /* Ledger */ = {
			isa = PBXGroup;
			children = (
			);
			path = Ledger;
			sourceTree = "<group>";
		};
		1FD0D2262CB42F7100F96E87 /* Daily */ = {
			isa = PBXGroup;
			children = (
				1FD0D2292CB4308B00F96E87 /* DailyHugView.swift */,
			);
			path = Daily;
			sourceTree = "<group>";
		};
		1FD0D2272CB42F7600F96E87 /* MyPage */ = {
			isa = PBXGroup;
			children = (
				1F603C6E2CBD06E100E5BF5D /* MyPageView.swift */,
				1F60E3342CBFAA2300543A22 /* MyPageBaseView.swift */,
			);
			path = MyPage;
			sourceTree = "<group>";
		};
		1FD0D22B2CB432D700F96E87 /* DTO */ = {
			isa = PBXGroup;
			children = (
				1F6813CE2CDDEB6D002B8481 /* HomeRecordResponseDTO.swift */,
				1F6813CC2CDDEB5C002B8481 /* HomeResponseDTO.swift */,
				1F656AED2CA96FD90035F81E /* UserJoinRequestDTO.swift */,
				1F0DD93A2CD754CE00708811 /* UserHusbandJoinRequestDTO.swift */,
			);
			path = DTO;
			sourceTree = "<group>";
		};
		1FD0D22C2CB432E500F96E87 /* Entity */ = {
			isa = PBXGroup;
			children = (
				1FF22A782C3AD7C200367518 /* OnBoardingModel.swift */,
				1FCD8F422CB52C6A00956BA0 /* SSNModel.swift */,
			);
			path = Entity;
			sourceTree = "<group>";
		};
		1FD0D22D2CB4332600F96E87 /* Enums */ = {
			isa = PBXGroup;
			children = (
				1FD0D22F2CB433A200F96E87 /* SurgeryType.swift */,
				1F0DD9382CD7534700708811 /* RecordType.swift */,
			);
			path = Enums;
			sourceTree = "<group>";
		};
		1FE68CF02C5B520100CD43E4 /* SignIn */ = {
			isa = PBXGroup;
			children = (
				1FE68CF12C5B522200CD43E4 /* SignUpScreen.swift */,
				1F656AF12CA979DE0035F81E /* TreatmentSelectView.swift */,
				1F8B64C02CB3A9E400F61118 /* RoundSelectView.swift */,
				1FFD02092CB402B600020AF4 /* SelectStartDateView.swift */,
				1FFD020B2CB40ABB00020AF4 /* WifeShareCodeView.swift */,
				1F692CE02CB4FEA400BAEEBE /* EnterSSNView.swift */,
			);
			path = SignIn;
			sourceTree = "<group>";
		};
		1FEAF0302C498843004C0EE1 /* Home */ = {
			isa = PBXGroup;
			children = (
			);
			path = Home;
			sourceTree = "<group>";
		};
		1FF22A7A2C3AD85700367518 /* Common */ = {
			isa = PBXGroup;
			children = (
				1FF22A7B2C3AD87000367518 /* BorderedButton.swift */,
				1FF22A7D2C3ADFA000367518 /* MainButton.swift */,
				1FE68CF32C5B528700CD43E4 /* AppBar.swift */,
				1F032BB82C612A3500E8C64B /* SkeletonBox.swift */,
				1F31AFDD2C972BA100DBFB18 /* Counter.swift */,
			);
			path = Common;
			sourceTree = "<group>";
		};
		1FFD020D2CB41A9200020AF4 /* Calendar */ = {
			isa = PBXGroup;
			children = (
				1FFD020E2CB41AA900020AF4 /* CalendarScreen.swift */,
			);
			path = Calendar;
			sourceTree = "<group>";
		};
/* End PBXGroup section */

/* Begin PBXNativeTarget section */
		1F0D92EC2C365B6D00BB6ADD /* hugg */ = {
			isa = PBXNativeTarget;
			buildConfigurationList = 1F0D92FB2C365B6E00BB6ADD /* Build configuration list for PBXNativeTarget "hugg" */;
			buildPhases = (
				1F0D92E92C365B6D00BB6ADD /* Sources */,
				1F0D92EA2C365B6D00BB6ADD /* Frameworks */,
				1F0D92EB2C365B6D00BB6ADD /* Resources */,
			);
			buildRules = (
			);
			dependencies = (
			);
			name = hugg;
			productName = hugg;
			productReference = 1F0D92ED2C365B6D00BB6ADD /* hugg.app */;
			productType = "com.apple.product-type.application";
		};
/* End PBXNativeTarget section */

/* Begin PBXProject section */
		1F0D92E52C365B6D00BB6ADD /* Project object */ = {
			isa = PBXProject;
			attributes = {
				BuildIndependentTargetsInParallel = 1;
				LastSwiftUpdateCheck = 1540;
				LastUpgradeCheck = 1540;
				TargetAttributes = {
					1F0D92EC2C365B6D00BB6ADD = {
						CreatedOnToolsVersion = 15.4;
					};
				};
			};
			buildConfigurationList = 1F0D92E82C365B6D00BB6ADD /* Build configuration list for PBXProject "hugg" */;
			compatibilityVersion = "Xcode 14.0";
			developmentRegion = en;
			hasScannedForEncodings = 0;
			knownRegions = (
				en,
				Base,
			);
			mainGroup = 1F0D92E42C365B6D00BB6ADD;
			productRefGroup = 1F0D92EE2C365B6D00BB6ADD /* Products */;
			projectDirPath = "";
			projectRoot = "";
			targets = (
				1F0D92EC2C365B6D00BB6ADD /* hugg */,
			);
		};
/* End PBXProject section */

/* Begin PBXResourcesBuildPhase section */
		1F0D92EB2C365B6D00BB6ADD /* Resources */ = {
			isa = PBXResourcesBuildPhase;
			buildActionMask = 2147483647;
			files = (
				1F8D592E2C3B9D0200832F61 /* Pretendard-ExtraLight.otf in Resources */,
				1F8D59282C3B9D0200832F61 /* Pretendard-SemiBold.otf in Resources */,
				1F8D592A2C3B9D0200832F61 /* Pretendard-Thin.otf in Resources */,
				1F8D592C2C3B9D0200832F61 /* Pretendard-Bold.otf in Resources */,
				1F8D592D2C3B9D0200832F61 /* Pretendard-Medium.otf in Resources */,
				1F8D59372C3B9D7700832F61 /* GmarketSansBold.otf in Resources */,
				1F8D59362C3B9D7700832F61 /* GmarketSansMedium.otf in Resources */,
				1F0D92F82C365B6E00BB6ADD /* Preview Assets.xcassets in Resources */,
				1F8D59302C3B9D0200832F61 /* Pretendard-Black.otf in Resources */,
				1F8D59352C3B9D7700832F61 /* GmarketSansLight.otf in Resources */,
				1F8D59292C3B9D0200832F61 /* Pretendard-ExtraBold.otf in Resources */,
				1F8D592F2C3B9D0200832F61 /* Pretendard-Regular.otf in Resources */,
				1F0D92F52C365B6E00BB6ADD /* Assets.xcassets in Resources */,
				1F8D592B2C3B9D0200832F61 /* Pretendard-Light.otf in Resources */,
			);
			runOnlyForDeploymentPostprocessing = 0;
		};
/* End PBXResourcesBuildPhase section */

/* Begin PBXSourcesBuildPhase section */
		1F0D92E92C365B6D00BB6ADD /* Sources */ = {
			isa = PBXSourcesBuildPhase;
			buildActionMask = 2147483647;
			files = (
				1F603C6F2CBD06E100E5BF5D /* MyPageView.swift in Sources */,
				1FA883FB2CD9F6930022244D /* PreviewContainer.swift in Sources */,
				1F032BB92C612A3500E8C64B /* SkeletonBox.swift in Sources */,
				1F692CE12CB4FEA400BAEEBE /* EnterSSNView.swift in Sources */,
				1F656AEE2CA96FD90035F81E /* UserJoinRequestDTO.swift in Sources */,
				1F31AFDE2C972BA100DBFB18 /* Counter.swift in Sources */,
				1F3DC3562CB50FCE00A72A52 /* TextField+Extension.swift in Sources */,
				1F032BBD2C612B5B00E8C64B /* SignUpViewModel.swift in Sources */,
				1F8D591A2C3B956500832F61 /* MainScreen.swift in Sources */,
				1FFD020F2CB41AA900020AF4 /* CalendarScreen.swift in Sources */,
				1FA883F82CD9F5600022244D /* AppState.swift in Sources */,
				1FA645F02CB3EA3F00419660 /* AnyTransition+Extension.swift in Sources */,
				1FFD020A2CB402B600020AF4 /* SelectStartDateView.swift in Sources */,
				1FB8AE942CAD60A0003BDC9C /* NoTapAnimationStyle.swift in Sources */,
				1F0DD9392CD7534700708811 /* RecordType.swift in Sources */,
				1F0D92F32C365B6D00BB6ADD /* ContentView.swift in Sources */,
				1FF22A792C3AD7C200367518 /* OnBoardingModel.swift in Sources */,
				1F99A7E62CC4DB4B00779628 /* HomeView.swift in Sources */,
				1FE68CF22C5B522200CD43E4 /* SignUpScreen.swift in Sources */,
				1FD0D2302CB433A200F96E87 /* SurgeryType.swift in Sources */,
				1FF22A7C2C3AD87000367518 /* BorderedButton.swift in Sources */,
				1F60E3352CBFAA2300543A22 /* MyPageBaseView.swift in Sources */,
				1F0D92F12C365B6D00BB6ADD /* huggApp.swift in Sources */,
				1FFD020C2CB40ABB00020AF4 /* WifeShareCodeView.swift in Sources */,
				1FF22A7E2C3ADFA000367518 /* MainButton.swift in Sources */,
				1F3DC3542CB50FAE00A72A52 /* MaxLengthModifier.swift in Sources */,
				1F0D930C2C36809500BB6ADD /* OnboardingAppBar.swift in Sources */,
				1F8B64C12CB3A9E400F61118 /* RoundSelectView.swift in Sources */,
				1F6813CF2CDDEB76002B8481 /* HomeRecordResponseDTO.swift in Sources */,
				1FC4328B2C49732E00FE5834 /* OnboardingViewModel.swift in Sources */,
				1FCD8F432CB52C6A00956BA0 /* SSNModel.swift in Sources */,
				1FD0D22A2CB4308B00F96E87 /* DailyHugView.swift in Sources */,
				1F8B64C52CB3AA7200F61118 /* SignUpTitleText.swift in Sources */,
				1F0DD93B2CD754CE00708811 /* UserHusbandJoinRequestDTO.swift in Sources */,
				1F3DC34F2CB5032200A72A52 /* SSNTextfieldStyle.swift in Sources */,
				1F656AF22CA979DE0035F81E /* TreatmentSelectView.swift in Sources */,
				1FE68CF42C5B528700CD43E4 /* AppBar.swift in Sources */,
				1FEAF02F2C4986F5004C0EE1 /* MainViewModel.swift in Sources */,
				1F8D591C2C3B96CE00832F61 /* SplashScreen.swift in Sources */,
				1F8D593B2C3B9FDA00832F61 /* CustomFonts.swift in Sources */,
				1F0D93082C367F5300BB6ADD /* OnboardingScreen.swift in Sources */,
				1F6813CD2CDDEB60002B8481 /* HomeResponseDTO.swift in Sources */,
				1FD0D2322CB437B600F96E87 /* CustomDateFormatter.swift in Sources */,
				1FA883F52CD9F5400022244D /* HTTPClient.swift in Sources */,
				1FD826102C3A7697003C295A /* OnboardingContent.swift in Sources */,
			);
			runOnlyForDeploymentPostprocessing = 0;
		};
/* End PBXSourcesBuildPhase section */

/* Begin XCBuildConfiguration section */
		1F0D92F92C365B6E00BB6ADD /* Debug */ = {
			isa = XCBuildConfiguration;
			buildSettings = {
				ALWAYS_SEARCH_USER_PATHS = NO;
				ASSETCATALOG_COMPILER_GENERATE_SWIFT_ASSET_SYMBOL_EXTENSIONS = YES;
				CLANG_ANALYZER_NONNULL = YES;
				CLANG_ANALYZER_NUMBER_OBJECT_CONVERSION = YES_AGGRESSIVE;
				CLANG_CXX_LANGUAGE_STANDARD = "gnu++20";
				CLANG_ENABLE_MODULES = YES;
				CLANG_ENABLE_OBJC_ARC = YES;
				CLANG_ENABLE_OBJC_WEAK = YES;
				CLANG_WARN_BLOCK_CAPTURE_AUTORELEASING = YES;
				CLANG_WARN_BOOL_CONVERSION = YES;
				CLANG_WARN_COMMA = YES;
				CLANG_WARN_CONSTANT_CONVERSION = YES;
				CLANG_WARN_DEPRECATED_OBJC_IMPLEMENTATIONS = YES;
				CLANG_WARN_DIRECT_OBJC_ISA_USAGE = YES_ERROR;
				CLANG_WARN_DOCUMENTATION_COMMENTS = YES;
				CLANG_WARN_EMPTY_BODY = YES;
				CLANG_WARN_ENUM_CONVERSION = YES;
				CLANG_WARN_INFINITE_RECURSION = YES;
				CLANG_WARN_INT_CONVERSION = YES;
				CLANG_WARN_NON_LITERAL_NULL_CONVERSION = YES;
				CLANG_WARN_OBJC_IMPLICIT_RETAIN_SELF = YES;
				CLANG_WARN_OBJC_LITERAL_CONVERSION = YES;
				CLANG_WARN_OBJC_ROOT_CLASS = YES_ERROR;
				CLANG_WARN_QUOTED_INCLUDE_IN_FRAMEWORK_HEADER = YES;
				CLANG_WARN_RANGE_LOOP_ANALYSIS = YES;
				CLANG_WARN_STRICT_PROTOTYPES = YES;
				CLANG_WARN_SUSPICIOUS_MOVE = YES;
				CLANG_WARN_UNGUARDED_AVAILABILITY = YES_AGGRESSIVE;
				CLANG_WARN_UNREACHABLE_CODE = YES;
				CLANG_WARN__DUPLICATE_METHOD_MATCH = YES;
				COPY_PHASE_STRIP = NO;
				DEBUG_INFORMATION_FORMAT = dwarf;
				ENABLE_STRICT_OBJC_MSGSEND = YES;
				ENABLE_TESTABILITY = YES;
				ENABLE_USER_SCRIPT_SANDBOXING = NO;
				GCC_C_LANGUAGE_STANDARD = gnu17;
				GCC_DYNAMIC_NO_PIC = NO;
				GCC_NO_COMMON_BLOCKS = YES;
				GCC_OPTIMIZATION_LEVEL = 0;
				GCC_PREPROCESSOR_DEFINITIONS = (
					"DEBUG=1",
					"$(inherited)",
				);
				GCC_WARN_64_TO_32_BIT_CONVERSION = YES;
				GCC_WARN_ABOUT_RETURN_TYPE = YES_ERROR;
				GCC_WARN_UNDECLARED_SELECTOR = YES;
				GCC_WARN_UNINITIALIZED_AUTOS = YES_AGGRESSIVE;
				GCC_WARN_UNUSED_FUNCTION = YES;
				GCC_WARN_UNUSED_VARIABLE = YES;
				IPHONEOS_DEPLOYMENT_TARGET = 17.5;
				LOCALIZATION_PREFERS_STRING_CATALOGS = YES;
				MTL_ENABLE_DEBUG_INFO = INCLUDE_SOURCE;
				MTL_FAST_MATH = YES;
				ONLY_ACTIVE_ARCH = YES;
				SDKROOT = iphoneos;
				SWIFT_ACTIVE_COMPILATION_CONDITIONS = "DEBUG $(inherited)";
				SWIFT_OPTIMIZATION_LEVEL = "-Onone";
			};
			name = Debug;
		};
		1F0D92FA2C365B6E00BB6ADD /* Release */ = {
			isa = XCBuildConfiguration;
			buildSettings = {
				ALWAYS_SEARCH_USER_PATHS = NO;
				ASSETCATALOG_COMPILER_GENERATE_SWIFT_ASSET_SYMBOL_EXTENSIONS = YES;
				CLANG_ANALYZER_NONNULL = YES;
				CLANG_ANALYZER_NUMBER_OBJECT_CONVERSION = YES_AGGRESSIVE;
				CLANG_CXX_LANGUAGE_STANDARD = "gnu++20";
				CLANG_ENABLE_MODULES = YES;
				CLANG_ENABLE_OBJC_ARC = YES;
				CLANG_ENABLE_OBJC_WEAK = YES;
				CLANG_WARN_BLOCK_CAPTURE_AUTORELEASING = YES;
				CLANG_WARN_BOOL_CONVERSION = YES;
				CLANG_WARN_COMMA = YES;
				CLANG_WARN_CONSTANT_CONVERSION = YES;
				CLANG_WARN_DEPRECATED_OBJC_IMPLEMENTATIONS = YES;
				CLANG_WARN_DIRECT_OBJC_ISA_USAGE = YES_ERROR;
				CLANG_WARN_DOCUMENTATION_COMMENTS = YES;
				CLANG_WARN_EMPTY_BODY = YES;
				CLANG_WARN_ENUM_CONVERSION = YES;
				CLANG_WARN_INFINITE_RECURSION = YES;
				CLANG_WARN_INT_CONVERSION = YES;
				CLANG_WARN_NON_LITERAL_NULL_CONVERSION = YES;
				CLANG_WARN_OBJC_IMPLICIT_RETAIN_SELF = YES;
				CLANG_WARN_OBJC_LITERAL_CONVERSION = YES;
				CLANG_WARN_OBJC_ROOT_CLASS = YES_ERROR;
				CLANG_WARN_QUOTED_INCLUDE_IN_FRAMEWORK_HEADER = YES;
				CLANG_WARN_RANGE_LOOP_ANALYSIS = YES;
				CLANG_WARN_STRICT_PROTOTYPES = YES;
				CLANG_WARN_SUSPICIOUS_MOVE = YES;
				CLANG_WARN_UNGUARDED_AVAILABILITY = YES_AGGRESSIVE;
				CLANG_WARN_UNREACHABLE_CODE = YES;
				CLANG_WARN__DUPLICATE_METHOD_MATCH = YES;
				COPY_PHASE_STRIP = NO;
				DEBUG_INFORMATION_FORMAT = "dwarf-with-dsym";
				ENABLE_NS_ASSERTIONS = NO;
				ENABLE_STRICT_OBJC_MSGSEND = YES;
				ENABLE_USER_SCRIPT_SANDBOXING = NO;
				GCC_C_LANGUAGE_STANDARD = gnu17;
				GCC_NO_COMMON_BLOCKS = YES;
				GCC_WARN_64_TO_32_BIT_CONVERSION = YES;
				GCC_WARN_ABOUT_RETURN_TYPE = YES_ERROR;
				GCC_WARN_UNDECLARED_SELECTOR = YES;
				GCC_WARN_UNINITIALIZED_AUTOS = YES_AGGRESSIVE;
				GCC_WARN_UNUSED_FUNCTION = YES;
				GCC_WARN_UNUSED_VARIABLE = YES;
				IPHONEOS_DEPLOYMENT_TARGET = 17.5;
				LOCALIZATION_PREFERS_STRING_CATALOGS = YES;
				MTL_ENABLE_DEBUG_INFO = NO;
				MTL_FAST_MATH = YES;
				SDKROOT = iphoneos;
				SWIFT_COMPILATION_MODE = wholemodule;
				VALIDATE_PRODUCT = YES;
			};
			name = Release;
		};
		1F0D92FC2C365B6E00BB6ADD /* Debug */ = {
			isa = XCBuildConfiguration;
			buildSettings = {
				ASSETCATALOG_COMPILER_APPICON_NAME = AppIcon;
				ASSETCATALOG_COMPILER_GLOBAL_ACCENT_COLOR_NAME = AccentColor;
				CODE_SIGN_STYLE = Automatic;
				CURRENT_PROJECT_VERSION = 1;
				DEVELOPMENT_ASSET_PATHS = "\"hugg/Preview Content\"";
				DEVELOPMENT_TEAM = SLJSFTZPUZ;
				ENABLE_PREVIEWS = YES;
				GENERATE_INFOPLIST_FILE = YES;
				INFOPLIST_FILE = hugg/Info.plist;
				INFOPLIST_KEY_CFBundleDisplayName = Hugg;
				INFOPLIST_KEY_UIApplicationSceneManifest_Generation = YES;
				INFOPLIST_KEY_UIApplicationSupportsIndirectInputEvents = YES;
				INFOPLIST_KEY_UILaunchScreen_Generation = YES;
				INFOPLIST_KEY_UISupportedInterfaceOrientations = UIInterfaceOrientationPortrait;
				LD_RUNPATH_SEARCH_PATHS = (
					"$(inherited)",
					"@executable_path/Frameworks",
				);
				MARKETING_VERSION = 1.0;
				PRODUCT_BUNDLE_IDENTIFIER = com.foregg.hugg;
				PRODUCT_NAME = "$(TARGET_NAME)";
				SUPPORTED_PLATFORMS = "iphoneos iphonesimulator";
				SUPPORTS_MACCATALYST = NO;
				SUPPORTS_MAC_DESIGNED_FOR_IPHONE_IPAD = NO;
				SUPPORTS_XR_DESIGNED_FOR_IPHONE_IPAD = NO;
				SWIFT_EMIT_LOC_STRINGS = YES;
				SWIFT_VERSION = 5.0;
				TARGETED_DEVICE_FAMILY = 1;
			};
			name = Debug;
		};
		1F0D92FD2C365B6E00BB6ADD /* Release */ = {
			isa = XCBuildConfiguration;
			buildSettings = {
				ASSETCATALOG_COMPILER_APPICON_NAME = AppIcon;
				ASSETCATALOG_COMPILER_GLOBAL_ACCENT_COLOR_NAME = AccentColor;
				CODE_SIGN_STYLE = Automatic;
				CURRENT_PROJECT_VERSION = 1;
				DEVELOPMENT_ASSET_PATHS = "\"hugg/Preview Content\"";
				DEVELOPMENT_TEAM = SLJSFTZPUZ;
				ENABLE_PREVIEWS = YES;
				GENERATE_INFOPLIST_FILE = YES;
				INFOPLIST_FILE = hugg/Info.plist;
				INFOPLIST_KEY_CFBundleDisplayName = Hugg;
				INFOPLIST_KEY_UIApplicationSceneManifest_Generation = YES;
				INFOPLIST_KEY_UIApplicationSupportsIndirectInputEvents = YES;
				INFOPLIST_KEY_UILaunchScreen_Generation = YES;
				INFOPLIST_KEY_UISupportedInterfaceOrientations = UIInterfaceOrientationPortrait;
				LD_RUNPATH_SEARCH_PATHS = (
					"$(inherited)",
					"@executable_path/Frameworks",
				);
				MARKETING_VERSION = 1.0;
				PRODUCT_BUNDLE_IDENTIFIER = com.foregg.hugg;
				PRODUCT_NAME = "$(TARGET_NAME)";
				SUPPORTED_PLATFORMS = "iphoneos iphonesimulator";
				SUPPORTS_MACCATALYST = NO;
				SUPPORTS_MAC_DESIGNED_FOR_IPHONE_IPAD = NO;
				SUPPORTS_XR_DESIGNED_FOR_IPHONE_IPAD = NO;
				SWIFT_EMIT_LOC_STRINGS = YES;
				SWIFT_VERSION = 5.0;
				TARGETED_DEVICE_FAMILY = 1;
			};
			name = Release;
		};
/* End XCBuildConfiguration section */

/* Begin XCConfigurationList section */
		1F0D92E82C365B6D00BB6ADD /* Build configuration list for PBXProject "hugg" */ = {
			isa = XCConfigurationList;
			buildConfigurations = (
				1F0D92F92C365B6E00BB6ADD /* Debug */,
				1F0D92FA2C365B6E00BB6ADD /* Release */,
			);
			defaultConfigurationIsVisible = 0;
			defaultConfigurationName = Release;
		};
		1F0D92FB2C365B6E00BB6ADD /* Build configuration list for PBXNativeTarget "hugg" */ = {
			isa = XCConfigurationList;
			buildConfigurations = (
				1F0D92FC2C365B6E00BB6ADD /* Debug */,
				1F0D92FD2C365B6E00BB6ADD /* Release */,
			);
			defaultConfigurationIsVisible = 0;
			defaultConfigurationName = Release;
		};
/* End XCConfigurationList section */
	};
	rootObject = 1F0D92E52C365B6D00BB6ADD /* Project object */;
}
